# This file is generated by running "yarn install" inside your project.
# Manual changes might be lost - proceed with caution!

__metadata:
  version: 6
  cacheKey: 8

"@babel/runtime@npm:^7.5.5":
  version: 7.22.5
  resolution: "@babel/runtime@npm:7.22.5"
  dependencies:
    regenerator-runtime: ^0.13.11
  checksum: 12a50b7de2531beef38840d17af50c55a094253697600cee255311222390c68eed704829308d4fd305e1b3dfbce113272e428e9d9d45b1730e0fede997eaceb1
  languageName: node
  linkType: hard

"@changesets/apply-release-plan@npm:^7.0.5":
  version: 7.0.5
  resolution: "@changesets/apply-release-plan@npm:7.0.5"
  dependencies:
    "@changesets/config": ^3.0.3
    "@changesets/get-version-range-type": ^0.4.0
    "@changesets/git": ^3.0.1
    "@changesets/should-skip-package": ^0.1.1
    "@changesets/types": ^6.0.0
    "@manypkg/get-packages": ^1.1.3
    detect-indent: ^6.0.0
    fs-extra: ^7.0.1
    lodash.startcase: ^4.4.0
    outdent: ^0.5.0
    prettier: ^2.7.1
    resolve-from: ^5.0.0
    semver: ^7.5.3
  checksum: f6a1b90d89fd08b46c11fad05d5fee510ff8a1888c163fd6221ccfb045eab013fa57c0c32c5697d6406852a39cf4df01b44f3ecca4746f30bd610bec54aa9abf
  languageName: node
  linkType: hard

"@changesets/assemble-release-plan@npm:^6.0.4":
  version: 6.0.4
  resolution: "@changesets/assemble-release-plan@npm:6.0.4"
  dependencies:
    "@changesets/errors": ^0.2.0
    "@changesets/get-dependents-graph": ^2.1.2
    "@changesets/should-skip-package": ^0.1.1
    "@changesets/types": ^6.0.0
    "@manypkg/get-packages": ^1.1.3
    semver: ^7.5.3
  checksum: 948066a8ca8e12390599f641a0439b6a4d6c1c2a9958f58596aa50cf68d7d594b28acc1eb6bd0ad17df2025f0614006e44728a2614fad2a3d54c669568bf6d65
  languageName: node
  linkType: hard

"@changesets/changelog-git@npm:^0.2.0":
  version: 0.2.0
  resolution: "@changesets/changelog-git@npm:0.2.0"
  dependencies:
    "@changesets/types": ^6.0.0
  checksum: 132660f7fdabbdda00ac803cc822d6427a1a38a17a5f414e87ad32f6dc4cbef5280a147ecdc087a28dc06c8bd0762f8d6e7132d01b8a4142b59fbe1bc2177034
  languageName: node
  linkType: hard

"@changesets/changelog-github@npm:^0.4.8":
  version: 0.4.8
  resolution: "@changesets/changelog-github@npm:0.4.8"
  dependencies:
    "@changesets/get-github-info": ^0.5.2
    "@changesets/types": ^5.2.1
    dotenv: ^8.1.0
  checksum: 8a357cc08757e0eeca267ee05141f68bef936582abef8b78a5d30d99f5a86e41b7d3debba70992b73b2f57b0fc6201ec1cc3c65116930167ee3197b427b865c5
  languageName: node
  linkType: hard

"@changesets/cli@npm:^2.27.8":
  version: 2.27.8
  resolution: "@changesets/cli@npm:2.27.8"
  dependencies:
    "@changesets/apply-release-plan": ^7.0.5
    "@changesets/assemble-release-plan": ^6.0.4
    "@changesets/changelog-git": ^0.2.0
    "@changesets/config": ^3.0.3
    "@changesets/errors": ^0.2.0
    "@changesets/get-dependents-graph": ^2.1.2
    "@changesets/get-release-plan": ^4.0.4
    "@changesets/git": ^3.0.1
    "@changesets/logger": ^0.1.1
    "@changesets/pre": ^2.0.1
    "@changesets/read": ^0.6.1
    "@changesets/should-skip-package": ^0.1.1
    "@changesets/types": ^6.0.0
    "@changesets/write": ^0.3.2
    "@manypkg/get-packages": ^1.1.3
    "@types/semver": ^7.5.0
    ansi-colors: ^4.1.3
    ci-info: ^3.7.0
    enquirer: ^2.3.0
    external-editor: ^3.1.0
    fs-extra: ^7.0.1
    mri: ^1.2.0
    outdent: ^0.5.0
    p-limit: ^2.2.0
    package-manager-detector: ^0.2.0
    picocolors: ^1.1.0
    resolve-from: ^5.0.0
    semver: ^7.5.3
    spawndamnit: ^2.0.0
    term-size: ^2.1.0
  bin:
    changeset: bin.js
  checksum: b58386716b337976d5797debd4a418fb257bec1e6c9932b99eac7725dd5a76fceff32691c625f897fd4baa78aa2bfba9747fbacf7d8193197f9246b36d31c013
  languageName: node
  linkType: hard

"@changesets/config@npm:^3.0.3":
  version: 3.0.3
  resolution: "@changesets/config@npm:3.0.3"
  dependencies:
    "@changesets/errors": ^0.2.0
    "@changesets/get-dependents-graph": ^2.1.2
    "@changesets/logger": ^0.1.1
    "@changesets/types": ^6.0.0
    "@manypkg/get-packages": ^1.1.3
    fs-extra: ^7.0.1
    micromatch: ^4.0.2
  checksum: f216f497e09c0fcdd4c397fc3998d1651a171b89981d2bed2a6c23c0f55ffa4e240cadbd13902bf91c218686165689a5183674a5b4682d80d3d5b8b9c569f5f1
  languageName: node
  linkType: hard

"@changesets/errors@npm:^0.2.0":
  version: 0.2.0
  resolution: "@changesets/errors@npm:0.2.0"
  dependencies:
    extendable-error: ^0.1.5
  checksum: 4b79373f92287af4f723e8dbbccaf0299aa8735fc043243d0ad587f04a7614615ea50180be575d4438b9f00aa82d1cf85e902b77a55bdd3e0a8dd97e77b18c60
  languageName: node
  linkType: hard

"@changesets/get-dependents-graph@npm:^2.1.2":
  version: 2.1.2
  resolution: "@changesets/get-dependents-graph@npm:2.1.2"
  dependencies:
    "@changesets/types": ^6.0.0
    "@manypkg/get-packages": ^1.1.3
    picocolors: ^1.1.0
    semver: ^7.5.3
  checksum: 38446343e43f9b8731098e3b42d2525d5399d59cfccc09bdb62c9a48de60c7a893882050202badca3b5cab8405e6deb82e88258a56a318e42749fa60d96d874a
  languageName: node
  linkType: hard

"@changesets/get-github-info@npm:^0.5.2":
  version: 0.5.2
  resolution: "@changesets/get-github-info@npm:0.5.2"
  dependencies:
    dataloader: ^1.4.0
    node-fetch: ^2.5.0
  checksum: 067e07eeaecdbedbd1c715513c4aa6206a941bd1d3af292d067792808c6fa6644caad2b35fba614a44892559c031c234df8028f8d2abd4cb2682d48080ef5df3
  languageName: node
  linkType: hard

"@changesets/get-release-plan@npm:^4.0.4":
  version: 4.0.4
  resolution: "@changesets/get-release-plan@npm:4.0.4"
  dependencies:
    "@changesets/assemble-release-plan": ^6.0.4
    "@changesets/config": ^3.0.3
    "@changesets/pre": ^2.0.1
    "@changesets/read": ^0.6.1
    "@changesets/types": ^6.0.0
    "@manypkg/get-packages": ^1.1.3
  checksum: 7217347f5bfaa56f97d3964e28e23a109d60c42b7c879c0cab6934feb30bdbdebb6dd0e81b4ecb5ec414be442d566b6af90d9224f6a48a52b6c5269c337f54a6
  languageName: node
  linkType: hard

"@changesets/get-version-range-type@npm:^0.4.0":
  version: 0.4.0
  resolution: "@changesets/get-version-range-type@npm:0.4.0"
  checksum: 2e8c511e658e193f48de7f09522649c4cf072932f0cbe0f252a7f2703d7775b0b90b632254526338795d0658e340be9dff3879cfc8eba4534b8cd6071efff8c9
  languageName: node
  linkType: hard

"@changesets/git@npm:^3.0.1":
  version: 3.0.1
  resolution: "@changesets/git@npm:3.0.1"
  dependencies:
    "@changesets/errors": ^0.2.0
    "@manypkg/get-packages": ^1.1.3
    is-subdir: ^1.1.1
    micromatch: ^4.0.2
    spawndamnit: ^2.0.0
  checksum: 46d780fecd3dbdafde7c96dde7fe35a8461bc6edbff1de92d490971a99f021d60c5b4606a1d4fb778567146810090ede6610cf89407c14bde88edaa246801539
  languageName: node
  linkType: hard

"@changesets/logger@npm:^0.1.1":
  version: 0.1.1
  resolution: "@changesets/logger@npm:0.1.1"
  dependencies:
    picocolors: ^1.1.0
  checksum: acca50ef6bf6e446b46eb576b32f1955bf4579dbf4bbc316768ed2c1d4ba4066c9c73b114eedefaa1b3e360b1060a020e6bd3dbdbc44b74da732df92307beab0
  languageName: node
  linkType: hard

"@changesets/parse@npm:^0.4.0":
  version: 0.4.0
  resolution: "@changesets/parse@npm:0.4.0"
  dependencies:
    "@changesets/types": ^6.0.0
    js-yaml: ^3.13.1
  checksum: 3dd970b244479746233ebd357cfff3816cf9f344ebf2cf0c7c55ce8579adfd3f506978e86ad61222dc3acf1548a2105ffdd8b3e940b3f82b225741315cee2bf0
  languageName: node
  linkType: hard

"@changesets/pre@npm:^2.0.1":
  version: 2.0.1
  resolution: "@changesets/pre@npm:2.0.1"
  dependencies:
    "@changesets/errors": ^0.2.0
    "@changesets/types": ^6.0.0
    "@manypkg/get-packages": ^1.1.3
    fs-extra: ^7.0.1
  checksum: fbe94283dce0223ee79c12fa221105752ac89eb885b77e300ec755682cb06cc0145e10335f4bc6cb26d63473e549556c2b1c8c866242419aee5e41986379652a
  languageName: node
  linkType: hard

"@changesets/read@npm:^0.6.1":
  version: 0.6.1
  resolution: "@changesets/read@npm:0.6.1"
  dependencies:
    "@changesets/git": ^3.0.1
    "@changesets/logger": ^0.1.1
    "@changesets/parse": ^0.4.0
    "@changesets/types": ^6.0.0
    fs-extra: ^7.0.1
    p-filter: ^2.1.0
    picocolors: ^1.1.0
  checksum: d00a18a3d04af5c76e7b763096650ebe16589864ab04eaf9e99c88aa77542f64de547b585037fc204d2055f9dd47fae94c789e2f173d3507a4e29dbe6609dd5b
  languageName: node
  linkType: hard

"@changesets/should-skip-package@npm:^0.1.1":
  version: 0.1.1
  resolution: "@changesets/should-skip-package@npm:0.1.1"
  dependencies:
    "@changesets/types": ^6.0.0
    "@manypkg/get-packages": ^1.1.3
  checksum: d187ef22495deb63e678d0ff65e8627701e2b52c25bd59dde10ce8646be8d605c0ed0a6af020dd825b137c2fc748fdc6cef52e7774bad4c7a4f404bf182a85cf
  languageName: node
  linkType: hard

"@changesets/types@npm:^4.0.1":
  version: 4.1.0
  resolution: "@changesets/types@npm:4.1.0"
  checksum: 72c1f58044178ca867dd9349ecc4b7c233ce3781bb03b5b72a70c3166fbbab54a2f2cb19a81f96b4649ba004442c8734569fba238be4dd737fb4624a135c6098
  languageName: node
  linkType: hard

"@changesets/types@npm:^5.2.1":
  version: 5.2.1
  resolution: "@changesets/types@npm:5.2.1"
  checksum: 527dc1aa41b040fe35bcd55f7d07bec710320b179b000c429723e25b87aac18be487daf5047d4fecf2781aad78f73abff111e76e411b652f7a2e812a464c69f2
  languageName: node
  linkType: hard

"@changesets/types@npm:^6.0.0":
  version: 6.0.0
  resolution: "@changesets/types@npm:6.0.0"
  checksum: d528b5d712f62c26ea422c7d34ccf6eac57a353c0733d96716db3c796ecd9bba5d496d48b37d5d46b784dc45b69c06ce3345fa3515df981bb68456cad68e6465
  languageName: node
  linkType: hard

"@changesets/write@npm:^0.3.2":
  version: 0.3.2
  resolution: "@changesets/write@npm:0.3.2"
  dependencies:
    "@changesets/types": ^6.0.0
    fs-extra: ^7.0.1
    human-id: ^1.0.2
    prettier: ^2.7.1
  checksum: 553ed0ba6bd6397784f5e0e2921794bd7417a3c4fb810f1abb15e7072bf9d312af74308ff743161c6ea01478884cebcaf9cee02e5c70e2c7552b2774960ee07c
  languageName: node
  linkType: hard

"@manypkg/find-root@npm:^1.1.0":
  version: 1.1.0
  resolution: "@manypkg/find-root@npm:1.1.0"
  dependencies:
    "@babel/runtime": ^7.5.5
    "@types/node": ^12.7.1
    find-up: ^4.1.0
    fs-extra: ^8.1.0
  checksum: f0fd881a5a81a351cb6561cd24117e8ee9481bbf3b6d1c7d9d10bef1f4744ca2ba3d064713e83c0a0574416d1e5b4a4c6c414aad91913c4a1c6040d87283ac50
  languageName: node
  linkType: hard

"@manypkg/get-packages@npm:^1.1.3":
  version: 1.1.3
  resolution: "@manypkg/get-packages@npm:1.1.3"
  dependencies:
    "@babel/runtime": ^7.5.5
    "@changesets/types": ^4.0.1
    "@manypkg/find-root": ^1.1.0
    fs-extra: ^8.1.0
    globby: ^11.0.0
    read-yaml-file: ^1.1.0
  checksum: f5a756e5a659e0e1c33f48852d56826d170d5b10a3cdea89ce4fcaa77678d8799aa4004b30e1985c87b73dbc390b95bb6411b78336dd1e0db87c08c74b5c0e74
  languageName: node
  linkType: hard

"@nodelib/fs.scandir@npm:2.1.5":
  version: 2.1.5
  resolution: "@nodelib/fs.scandir@npm:2.1.5"
  dependencies:
    "@nodelib/fs.stat": 2.0.5
    run-parallel: ^1.1.9
  checksum: a970d595bd23c66c880e0ef1817791432dbb7acbb8d44b7e7d0e7a22f4521260d4a83f7f9fd61d44fda4610105577f8f58a60718105fb38352baed612fd79e59
  languageName: node
  linkType: hard

"@nodelib/fs.stat@npm:2.0.5, @nodelib/fs.stat@npm:^2.0.2":
  version: 2.0.5
  resolution: "@nodelib/fs.stat@npm:2.0.5"
  checksum: 012480b5ca9d97bff9261571dbbec7bbc6033f69cc92908bc1ecfad0792361a5a1994bc48674b9ef76419d056a03efadfce5a6cf6dbc0a36559571a7a483f6f0
  languageName: node
  linkType: hard

"@nodelib/fs.walk@npm:^1.2.3":
  version: 1.2.8
  resolution: "@nodelib/fs.walk@npm:1.2.8"
  dependencies:
    "@nodelib/fs.scandir": 2.1.5
    fastq: ^1.6.0
  checksum: 190c643f156d8f8f277bf2a6078af1ffde1fd43f498f187c2db24d35b4b4b5785c02c7dc52e356497b9a1b65b13edc996de08de0b961c32844364da02986dc53
  languageName: node
  linkType: hard

"@types/fs-extra@npm:^11.0.1":
  version: 11.0.3
  resolution: "@types/fs-extra@npm:11.0.3"
  dependencies:
    "@types/jsonfile": "*"
    "@types/node": "*"
  checksum: f196bc216906e7016a6c9c549dbe204fe7e1e87515c7e961f741309e25f8e2f8c268dba3dbf0ca7f3ddab5911d39888472f8624ac0c11a461f1b2d05377e38fa
  languageName: node
  linkType: hard

"@types/jsonfile@npm:*":
  version: 6.1.3
  resolution: "@types/jsonfile@npm:6.1.3"
  dependencies:
    "@types/node": "*"
  checksum: 3f2d0060a567f78b5d666971d5371e72f37294cbfc19069912c76ba9585d209ceb5aac421658f2b3ab922f96b8df53081e9f51d09aef34f2b4882b813a0e0c38
  languageName: node
  linkType: hard

"@types/minimist@npm:^1.2.2":
  version: 1.2.4
  resolution: "@types/minimist@npm:1.2.4"
  checksum: d7912f9a466312cbc1333800272b9208178140ef4da2ccec3fa82231c8e67f57f84275b3c19109c4f68f1b7b057baeacc6b80af1de14b58b46e6b54233e44c6a
  languageName: node
  linkType: hard

"@types/node@npm:*":
  version: 20.8.8
  resolution: "@types/node@npm:20.8.8"
  dependencies:
    undici-types: ~5.25.1
  checksum: 028a9606e4ef594a4bc7b3310596499d7ce01b2e30f4d1d906ad8ec30c24cea7ec1b3dc181dd5df8d8d2bfe8de54bf3e28ae93be174b4c7d81c0db8326e4f35c
  languageName: node
  linkType: hard

"@types/node@npm:^12.7.1":
  version: 12.20.55
  resolution: "@types/node@npm:12.20.55"
  checksum: e4f86785f4092706e0d3b0edff8dca5a13b45627e4b36700acd8dfe6ad53db71928c8dee914d4276c7fd3b6ccd829aa919811c9eb708a2c8e4c6eb3701178c37
  languageName: node
  linkType: hard

"@types/node@npm:^18.16.3":
  version: 18.18.6
  resolution: "@types/node@npm:18.18.6"
  checksum: a847639b8455fd3dfa6dbc2917274c82c9db789f1d41aaf69f94ac6c9e54c3c1dd29be6e1e1ccd7c17e54db3d78d7011bc4e70544c6447ceca253dccc0a187e1
  languageName: node
  linkType: hard

"@types/ps-tree@npm:^1.1.2":
  version: 1.1.4
  resolution: "@types/ps-tree@npm:1.1.4"
  checksum: 4ea5ef675635cccdb8373a0af31d4b0ff0fd0cb0d692fd26737f13f045516bd41b1beca654325b04022c9422fbe014f083c3bd6e7c98126b87945bf6e8fad0cf
  languageName: node
  linkType: hard

"@types/semver@npm:^7.5.0":
  version: 7.5.8
  resolution: "@types/semver@npm:7.5.8"
  checksum: ea6f5276f5b84c55921785a3a27a3cd37afee0111dfe2bcb3e03c31819c197c782598f17f0b150a69d453c9584cd14c4c4d7b9a55d2c5e6cacd4d66fdb3b3663
  languageName: node
  linkType: hard

"@types/which@npm:^3.0.0":
  version: 3.0.1
  resolution: "@types/which@npm:3.0.1"
  checksum: 77f040178a3332bad08e201195abc96274a3133d90174928b04f52d4edd55a34c1d2022d55998249994f499ef345ad0e5913767b6be8a967bd958e3a81bb1449
  languageName: node
  linkType: hard

"@yarnpkg/parsers@npm:^3.0.0-rc.32":
  version: 3.0.0-rc.32
  resolution: "@yarnpkg/parsers@npm:3.0.0-rc.32"
  dependencies:
    js-yaml: ^3.10.0
    tslib: ^2.4.0
  checksum: b02796d019bb73ef024426cb0055a14f148696b19c5addf2fe4c9a1fc056efd7cb055023b4f3f4aff07bf01a5c2f52d5def1f779cb9b02b7e7a6b6e940d7bd57
  languageName: node
  linkType: hard

"ansi-colors@npm:^4.1.1, ansi-colors@npm:^4.1.3":
  version: 4.1.3
  resolution: "ansi-colors@npm:4.1.3"
  checksum: a9c2ec842038a1fabc7db9ece7d3177e2fe1c5dc6f0c51ecfbf5f39911427b89c00b5dc6b8bd95f82a26e9b16aaae2e83d45f060e98070ce4d1333038edceb0e
  languageName: node
  linkType: hard

"argparse@npm:^1.0.7":
  version: 1.0.10
  resolution: "argparse@npm:1.0.10"
  dependencies:
    sprintf-js: ~1.0.2
  checksum: 7ca6e45583a28de7258e39e13d81e925cfa25d7d4aacbf806a382d3c02fcb13403a07fb8aeef949f10a7cfe4a62da0e2e807b348a5980554cc28ee573ef95945
  languageName: node
  linkType: hard

"array-union@npm:^2.1.0":
  version: 2.1.0
  resolution: "array-union@npm:2.1.0"
  checksum: 5bee12395cba82da674931df6d0fea23c4aa4660cb3b338ced9f828782a65caa232573e6bf3968f23e0c5eb301764a382cef2f128b170a9dc59de0e36c39f98d
  languageName: node
  linkType: hard

"better-path-resolve@npm:1.0.0":
  version: 1.0.0
  resolution: "better-path-resolve@npm:1.0.0"
  dependencies:
    is-windows: ^1.0.0
  checksum: 5392dbe04e7fe68b944eb37961d9dfa147aaac3ee9ee3f6e13d42e2c9fbe949e68d16e896c14ee9016fa5f8e6e53ec7fd8b5f01b50a32067a7d94ac9cfb9a050
  languageName: node
  linkType: hard

"braces@npm:^3.0.3":
  version: 3.0.3
  resolution: "braces@npm:3.0.3"
  dependencies:
    fill-range: ^7.1.1
  checksum: b95aa0b3bd909f6cd1720ffcf031aeaf46154dd88b4da01f9a1d3f7ea866a79eba76a6d01cbc3c422b2ee5cdc39a4f02491058d5df0d7bf6e6a162a832df1f69
  languageName: node
  linkType: hard

"chalk@npm:^5.2.0":
  version: 5.3.0
  resolution: "chalk@npm:5.3.0"
  checksum: 623922e077b7d1e9dedaea6f8b9e9352921f8ae3afe739132e0e00c275971bdd331268183b2628cf4ab1727c45ea1f28d7e24ac23ce1db1eb653c414ca8a5a80
  languageName: node
  linkType: hard

"chardet@npm:^0.7.0":
  version: 0.7.0
  resolution: "chardet@npm:0.7.0"
  checksum: 6fd5da1f5d18ff5712c1e0aed41da200d7c51c28f11b36ee3c7b483f3696dabc08927fc6b227735eb8f0e1215c9a8abd8154637f3eff8cada5959df7f58b024d
  languageName: node
  linkType: hard

"ci-info@npm:^3.7.0":
  version: 3.9.0
  resolution: "ci-info@npm:3.9.0"
  checksum: 6b19dc9b2966d1f8c2041a838217299718f15d6c4b63ae36e4674edd2bee48f780e94761286a56aa59eb305a85fbea4ddffb7630ec063e7ec7e7e5ad42549a87
  languageName: node
  linkType: hard

"cross-spawn@npm:^5.1.0":
  version: 5.1.0
  resolution: "cross-spawn@npm:5.1.0"
  dependencies:
    lru-cache: ^4.0.1
    shebang-command: ^1.2.0
    which: ^1.2.9
  checksum: 726939c9954fc70c20e538923feaaa33bebc253247d13021737c3c7f68cdc3e0a57f720c0fe75057c0387995349f3f12e20e9bfdbf12274db28019c7ea4ec166
  languageName: node
  linkType: hard

"data-uri-to-buffer@npm:^4.0.0":
  version: 4.0.1
  resolution: "data-uri-to-buffer@npm:4.0.1"
  checksum: 0d0790b67ffec5302f204c2ccca4494f70b4e2d940fea3d36b09f0bb2b8539c2e86690429eb1f1dc4bcc9e4df0644193073e63d9ee48ac9fce79ec1506e4aa4c
  languageName: node
  linkType: hard

"dataloader@npm:^1.4.0":
  version: 1.4.0
  resolution: "dataloader@npm:1.4.0"
  checksum: e2c93d43afde68980efc0cd9ff48e9851116e27a9687f863e02b56d46f7e7868cc762cd6dcbaf4197e1ca850a03651510c165c2ae24b8e9843fd894002ad0e20
  languageName: node
  linkType: hard

"detect-indent@npm:^6.0.0":
  version: 6.1.0
  resolution: "detect-indent@npm:6.1.0"
  checksum: ab953a73c72dbd4e8fc68e4ed4bfd92c97eb6c43734af3900add963fd3a9316f3bc0578b018b24198d4c31a358571eff5f0656e81a1f3b9ad5c547d58b2d093d
  languageName: node
  linkType: hard

"dir-glob@npm:^3.0.1":
  version: 3.0.1
  resolution: "dir-glob@npm:3.0.1"
  dependencies:
    path-type: ^4.0.0
  checksum: fa05e18324510d7283f55862f3161c6759a3f2f8dbce491a2fc14c8324c498286c54282c1f0e933cb930da8419b30679389499b919122952a4f8592362ef4615
  languageName: node
  linkType: hard

"dotenv@npm:^8.1.0":
  version: 8.6.0
  resolution: "dotenv@npm:8.6.0"
  checksum: 38e902c80b0666ab59e9310a3d24ed237029a7ce34d976796349765ac96b8d769f6df19090f1f471b77a25ca391971efde8a1ea63bb83111bd8bec8e5cc9b2cd
  languageName: node
  linkType: hard

"duplexer@npm:~0.1.1":
  version: 0.1.2
  resolution: "duplexer@npm:0.1.2"
  checksum: 62ba61a830c56801db28ff6305c7d289b6dc9f859054e8c982abd8ee0b0a14d2e9a8e7d086ffee12e868d43e2bbe8a964be55ddbd8c8957714c87373c7a4f9b0
  languageName: node
  linkType: hard

"enquirer@npm:^2.3.0":
  version: 2.3.6
  resolution: "enquirer@npm:2.3.6"
  dependencies:
    ansi-colors: ^4.1.1
  checksum: 1c0911e14a6f8d26721c91e01db06092a5f7675159f0261d69c403396a385afd13dd76825e7678f66daffa930cfaa8d45f506fb35f818a2788463d022af1b884
  languageName: node
  linkType: hard

"esprima@npm:^4.0.0":
  version: 4.0.1
  resolution: "esprima@npm:4.0.1"
  bin:
    esparse: ./bin/esparse.js
    esvalidate: ./bin/esvalidate.js
  checksum: b45bc805a613dbea2835278c306b91aff6173c8d034223fa81498c77dcbce3b2931bf6006db816f62eacd9fd4ea975dfd85a5b7f3c6402cfd050d4ca3c13a628
  languageName: node
  linkType: hard

"event-stream@npm:=3.3.4":
  version: 3.3.4
  resolution: "event-stream@npm:3.3.4"
  dependencies:
    duplexer: ~0.1.1
    from: ~0
    map-stream: ~0.1.0
    pause-stream: 0.0.11
    split: 0.3
    stream-combiner: ~0.0.4
    through: ~2.3.1
  checksum: 80b467820b6daf824d9fb4345d2daf115a056e5c104463f2e98534e92d196a27f2df5ea2aa085624db26f4c45698905499e881d13bc7c01f7a13eac85be72a22
  languageName: node
  linkType: hard

"extendable-error@npm:^0.1.5":
  version: 0.1.7
  resolution: "extendable-error@npm:0.1.7"
  checksum: 80478be7429a1675d2085f701239796bab3230ed6f2fb1b138fbabec24bea6516b7c5ceb6e9c209efcc9c089948d93715703845653535f8e8a49655066a9255e
  languageName: node
  linkType: hard

"external-editor@npm:^3.1.0":
  version: 3.1.0
  resolution: "external-editor@npm:3.1.0"
  dependencies:
    chardet: ^0.7.0
    iconv-lite: ^0.4.24
    tmp: ^0.0.33
  checksum: 1c2a616a73f1b3435ce04030261bed0e22d4737e14b090bb48e58865da92529c9f2b05b893de650738d55e692d071819b45e1669259b2b354bc3154d27a698c7
  languageName: node
  linkType: hard

"fast-glob@npm:^3.2.9":
  version: 3.2.12
  resolution: "fast-glob@npm:3.2.12"
  dependencies:
    "@nodelib/fs.stat": ^2.0.2
    "@nodelib/fs.walk": ^1.2.3
    glob-parent: ^5.1.2
    merge2: ^1.3.0
    micromatch: ^4.0.4
  checksum: 0b1990f6ce831c7e28c4d505edcdaad8e27e88ab9fa65eedadb730438cfc7cde4910d6c975d6b7b8dc8a73da4773702ebcfcd6e3518e73938bb1383badfe01c2
  languageName: node
  linkType: hard

"fast-glob@npm:^3.3.0":
  version: 3.3.1
  resolution: "fast-glob@npm:3.3.1"
  dependencies:
    "@nodelib/fs.stat": ^2.0.2
    "@nodelib/fs.walk": ^1.2.3
    glob-parent: ^5.1.2
    merge2: ^1.3.0
    micromatch: ^4.0.4
  checksum: b6f3add6403e02cf3a798bfbb1183d0f6da2afd368f27456010c0bc1f9640aea308243d4cb2c0ab142f618276e65ecb8be1661d7c62a7b4e5ba774b9ce5432e5
  languageName: node
  linkType: hard

"fastq@npm:^1.6.0":
  version: 1.15.0
  resolution: "fastq@npm:1.15.0"
  dependencies:
    reusify: ^1.0.4
  checksum: 0170e6bfcd5d57a70412440b8ef600da6de3b2a6c5966aeaf0a852d542daff506a0ee92d6de7679d1de82e644bce69d7a574a6c93f0b03964b5337eed75ada1a
  languageName: node
  linkType: hard

"fetch-blob@npm:^3.1.2, fetch-blob@npm:^3.1.4":
  version: 3.2.0
  resolution: "fetch-blob@npm:3.2.0"
  dependencies:
    node-domexception: ^1.0.0
    web-streams-polyfill: ^3.0.3
  checksum: f19bc28a2a0b9626e69fd7cf3a05798706db7f6c7548da657cbf5026a570945f5eeaedff52007ea35c8bcd3d237c58a20bf1543bc568ab2422411d762dd3d5bf
  languageName: node
  linkType: hard

"fill-range@npm:^7.1.1":
  version: 7.1.1
  resolution: "fill-range@npm:7.1.1"
  dependencies:
    to-regex-range: ^5.0.1
  checksum: b4abfbca3839a3d55e4ae5ec62e131e2e356bf4859ce8480c64c4876100f4df292a63e5bb1618e1d7460282ca2b305653064f01654474aa35c68000980f17798
  languageName: node
  linkType: hard

"find-up@npm:^4.1.0":
  version: 4.1.0
  resolution: "find-up@npm:4.1.0"
  dependencies:
    locate-path: ^5.0.0
    path-exists: ^4.0.0
  checksum: 4c172680e8f8c1f78839486e14a43ef82e9decd0e74145f40707cc42e7420506d5ec92d9a11c22bd2c48fb0c384ea05dd30e10dd152fefeec6f2f75282a8b844
  languageName: node
  linkType: hard

"formdata-polyfill@npm:^4.0.10":
  version: 4.0.10
  resolution: "formdata-polyfill@npm:4.0.10"
  dependencies:
    fetch-blob: ^3.1.2
  checksum: 82a34df292afadd82b43d4a740ce387bc08541e0a534358425193017bf9fb3567875dc5f69564984b1da979979b70703aa73dee715a17b6c229752ae736dd9db
  languageName: node
  linkType: hard

"from@npm:~0":
  version: 0.1.7
  resolution: "from@npm:0.1.7"
  checksum: b85125b7890489656eb2e4f208f7654a93ec26e3aefaf3bbbcc0d496fc1941e4405834fcc9fe7333192aa2187905510ace70417bbf9ac6f6f4784a731d986939
  languageName: node
  linkType: hard

"fs-extra@npm:^11.1.1":
  version: 11.1.1
  resolution: "fs-extra@npm:11.1.1"
  dependencies:
    graceful-fs: ^4.2.0
    jsonfile: ^6.0.1
    universalify: ^2.0.0
  checksum: fb883c68245b2d777fbc1f2082c9efb084eaa2bbf9fddaa366130d196c03608eebef7fb490541276429ee1ca99f317e2d73e96f5ca0999eefedf5a624ae1edfd
  languageName: node
  linkType: hard

"fs-extra@npm:^7.0.1":
  version: 7.0.1
  resolution: "fs-extra@npm:7.0.1"
  dependencies:
    graceful-fs: ^4.1.2
    jsonfile: ^4.0.0
    universalify: ^0.1.0
  checksum: 141b9dccb23b66a66cefdd81f4cda959ff89282b1d721b98cea19ba08db3dcbe6f862f28841f3cf24bb299e0b7e6c42303908f65093cb7e201708e86ea5a8dcf
  languageName: node
  linkType: hard

"fs-extra@npm:^8.1.0":
  version: 8.1.0
  resolution: "fs-extra@npm:8.1.0"
  dependencies:
    graceful-fs: ^4.2.0
    jsonfile: ^4.0.0
    universalify: ^0.1.0
  checksum: bf44f0e6cea59d5ce071bba4c43ca76d216f89e402dc6285c128abc0902e9b8525135aa808adad72c9d5d218e9f4bcc63962815529ff2f684ad532172a284880
  languageName: node
  linkType: hard

"fx@npm:*":
  version: 30.2.0
  resolution: "fx@npm:30.2.0"
  bin:
    fx: index.js
  checksum: 55ed5ddbd1e3f411bb5af1cb115c19a185c0bc51aa4ec232bacf31d34d8b5c97a61b0e6baea37b087b24312b5be0011ab8e0688562758e182b1a5553896c6399
  languageName: node
  linkType: hard

"glob-parent@npm:^5.1.2":
  version: 5.1.2
  resolution: "glob-parent@npm:5.1.2"
  dependencies:
    is-glob: ^4.0.1
  checksum: f4f2bfe2425296e8a47e36864e4f42be38a996db40420fe434565e4480e3322f18eb37589617a98640c5dc8fdec1a387007ee18dbb1f3f5553409c34d17f425e
  languageName: node
  linkType: hard

"globby@npm:^11.0.0":
  version: 11.1.0
  resolution: "globby@npm:11.1.0"
  dependencies:
    array-union: ^2.1.0
    dir-glob: ^3.0.1
    fast-glob: ^3.2.9
    ignore: ^5.2.0
    merge2: ^1.4.1
    slash: ^3.0.0
  checksum: b4be8885e0cfa018fc783792942d53926c35c50b3aefd3fdcfb9d22c627639dc26bd2327a40a0b74b074100ce95bb7187bfeae2f236856aa3de183af7a02aea6
  languageName: node
  linkType: hard

"globby@npm:^13.1.4":
  version: 13.2.2
  resolution: "globby@npm:13.2.2"
  dependencies:
    dir-glob: ^3.0.1
    fast-glob: ^3.3.0
    ignore: ^5.2.4
    merge2: ^1.4.1
    slash: ^4.0.0
  checksum: f3d84ced58a901b4fcc29c846983108c426631fe47e94872868b65565495f7bee7b3defd68923bd480582771fd4bbe819217803a164a618ad76f1d22f666f41e
  languageName: node
  linkType: hard

"graceful-fs@npm:^4.1.2, graceful-fs@npm:^4.1.5, graceful-fs@npm:^4.1.6, graceful-fs@npm:^4.2.0":
  version: 4.2.11
  resolution: "graceful-fs@npm:4.2.11"
  checksum: ac85f94da92d8eb6b7f5a8b20ce65e43d66761c55ce85ac96df6865308390da45a8d3f0296dd3a663de65d30ba497bd46c696cc1e248c72b13d6d567138a4fc7
  languageName: node
  linkType: hard

"human-id@npm:^1.0.2":
  version: 1.0.2
  resolution: "human-id@npm:1.0.2"
  checksum: 95ee57ffae849f008e2ef3fe6e437be8c999861b4256f18c3b194c8928670a8a149e0576917105d5fd77e5edbb621c5a4736fade20bb7bf130113c1ebc95cb74
  languageName: node
  linkType: hard

"iconv-lite@npm:^0.4.24":
  version: 0.4.24
  resolution: "iconv-lite@npm:0.4.24"
  dependencies:
    safer-buffer: ">= 2.1.2 < 3"
  checksum: bd9f120f5a5b306f0bc0b9ae1edeb1577161503f5f8252a20f1a9e56ef8775c9959fd01c55f2d3a39d9a8abaf3e30c1abeb1895f367dcbbe0a8fd1c9ca01c4f6
  languageName: node
  linkType: hard

"ignore@npm:^5.2.0, ignore@npm:^5.2.4":
  version: 5.2.4
  resolution: "ignore@npm:5.2.4"
  checksum: 3d4c309c6006e2621659311783eaea7ebcd41fe4ca1d78c91c473157ad6666a57a2df790fe0d07a12300d9aac2888204d7be8d59f9aaf665b1c7fcdb432517ef
  languageName: node
  linkType: hard

"is-extglob@npm:^2.1.1":
  version: 2.1.1
  resolution: "is-extglob@npm:2.1.1"
  checksum: df033653d06d0eb567461e58a7a8c9f940bd8c22274b94bf7671ab36df5719791aae15eef6d83bbb5e23283967f2f984b8914559d4449efda578c775c4be6f85
  languageName: node
  linkType: hard

"is-glob@npm:^4.0.1":
  version: 4.0.3
  resolution: "is-glob@npm:4.0.3"
  dependencies:
    is-extglob: ^2.1.1
  checksum: d381c1319fcb69d341cc6e6c7cd588e17cd94722d9a32dbd60660b993c4fb7d0f19438674e68dfec686d09b7c73139c9166b47597f846af387450224a8101ab4
  languageName: node
  linkType: hard

"is-number@npm:^7.0.0":
  version: 7.0.0
  resolution: "is-number@npm:7.0.0"
  checksum: 456ac6f8e0f3111ed34668a624e45315201dff921e5ac181f8ec24923b99e9f32ca1a194912dc79d539c97d33dba17dc635202ff0b2cf98326f608323276d27a
  languageName: node
  linkType: hard

"is-subdir@npm:^1.1.1":
  version: 1.2.0
  resolution: "is-subdir@npm:1.2.0"
  dependencies:
    better-path-resolve: 1.0.0
  checksum: 31029a383972bff4cc4f1bd1463fd04dde017e0a04ae3a6f6e08124a90c6c4656312d593101b0f38805fa3f3c8f6bc4583524bbf72c50784fa5ca0d3e5a76279
  languageName: node
  linkType: hard

"is-windows@npm:^1.0.0":
  version: 1.0.2
  resolution: "is-windows@npm:1.0.2"
  checksum: 438b7e52656fe3b9b293b180defb4e448088e7023a523ec21a91a80b9ff8cdb3377ddb5b6e60f7c7de4fa8b63ab56e121b6705fe081b3cf1b828b0a380009ad7
  languageName: node
  linkType: hard

"isexe@npm:^2.0.0":
  version: 2.0.0
  resolution: "isexe@npm:2.0.0"
  checksum: 26bf6c5480dda5161c820c5b5c751ae1e766c587b1f951ea3fcfc973bafb7831ae5b54a31a69bd670220e42e99ec154475025a468eae58ea262f813fdc8d1c62
  languageName: node
  linkType: hard

"js-yaml@npm:^3.10.0, js-yaml@npm:^3.13.1, js-yaml@npm:^3.6.1":
  version: 3.14.1
  resolution: "js-yaml@npm:3.14.1"
  dependencies:
    argparse: ^1.0.7
    esprima: ^4.0.0
  bin:
    js-yaml: bin/js-yaml.js
  checksum: bef146085f472d44dee30ec34e5cf36bf89164f5d585435a3d3da89e52622dff0b188a580e4ad091c3341889e14cb88cac6e4deb16dc5b1e9623bb0601fc255c
  languageName: node
  linkType: hard

"jsonfile@npm:^4.0.0":
  version: 4.0.0
  resolution: "jsonfile@npm:4.0.0"
  dependencies:
    graceful-fs: ^4.1.6
  dependenciesMeta:
    graceful-fs:
      optional: true
  checksum: 6447d6224f0d31623eef9b51185af03ac328a7553efcee30fa423d98a9e276ca08db87d71e17f2310b0263fd3ffa6c2a90a6308367f661dc21580f9469897c9e
  languageName: node
  linkType: hard

"jsonfile@npm:^6.0.1":
  version: 6.1.0
  resolution: "jsonfile@npm:6.1.0"
  dependencies:
    graceful-fs: ^4.1.6
    universalify: ^2.0.0
  dependenciesMeta:
    graceful-fs:
      optional: true
  checksum: 7af3b8e1ac8fe7f1eccc6263c6ca14e1966fcbc74b618d3c78a0a2075579487547b94f72b7a1114e844a1e15bb00d440e5d1720bfc4612d790a6f285d5ea8354
  languageName: node
  linkType: hard

"locate-path@npm:^5.0.0":
  version: 5.0.0
  resolution: "locate-path@npm:5.0.0"
  dependencies:
    p-locate: ^4.1.0
  checksum: 83e51725e67517287d73e1ded92b28602e3ae5580b301fe54bfb76c0c723e3f285b19252e375712316774cf52006cb236aed5704692c32db0d5d089b69696e30
  languageName: node
  linkType: hard

"lodash.startcase@npm:^4.4.0":
  version: 4.4.0
  resolution: "lodash.startcase@npm:4.4.0"
  checksum: c03a4a784aca653845fe09d0ef67c902b6e49288dc45f542a4ab345a9c406a6dc194c774423fa313ee7b06283950301c1221dd2a1d8ecb2dac8dfbb9ed5606b5
  languageName: node
  linkType: hard

"lru-cache@npm:^4.0.1":
  version: 4.1.5
  resolution: "lru-cache@npm:4.1.5"
  dependencies:
    pseudomap: ^1.0.2
    yallist: ^2.1.2
  checksum: 4bb4b58a36cd7dc4dcec74cbe6a8f766a38b7426f1ff59d4cf7d82a2aa9b9565cd1cb98f6ff60ce5cd174524868d7bc9b7b1c294371851356066ca9ac4cf135a
  languageName: node
  linkType: hard

"map-stream@npm:~0.1.0":
  version: 0.1.0
  resolution: "map-stream@npm:0.1.0"
  checksum: 38abbe4eb883888031e6b2fc0630bc583c99396be16b8ace5794b937b682a8a081f03e8b15bfd4914d1bc88318f0e9ac73ba3512ae65955cd449f63256ddb31d
  languageName: node
  linkType: hard

"merge2@npm:^1.3.0, merge2@npm:^1.4.1":
  version: 1.4.1
  resolution: "merge2@npm:1.4.1"
  checksum: 7268db63ed5169466540b6fb947aec313200bcf6d40c5ab722c22e242f651994619bcd85601602972d3c85bd2cc45a358a4c61937e9f11a061919a1da569b0c2
  languageName: node
  linkType: hard

"micromatch@npm:^4.0.2, micromatch@npm:^4.0.4":
  version: 4.0.8
  resolution: "micromatch@npm:4.0.8"
  dependencies:
    braces: ^3.0.3
    picomatch: ^2.3.1
  checksum: 79920eb634e6f400b464a954fcfa589c4e7c7143209488e44baf627f9affc8b1e306f41f4f0deedde97e69cb725920879462d3e750ab3bd3c1aed675bb3a8966
  languageName: node
  linkType: hard

"minimist@npm:^1.2.8":
  version: 1.2.8
  resolution: "minimist@npm:1.2.8"
  checksum: 75a6d645fb122dad29c06a7597bddea977258957ed88d7a6df59b5cd3fe4a527e253e9bbf2e783e4b73657f9098b96a5fe96ab8a113655d4109108577ecf85b0
  languageName: node
  linkType: hard

"mri@npm:^1.2.0":
  version: 1.2.0
  resolution: "mri@npm:1.2.0"
  checksum: 83f515abbcff60150873e424894a2f65d68037e5a7fcde8a9e2b285ee9c13ac581b63cfc1e6826c4732de3aeb84902f7c1e16b7aff46cd3f897a0f757a894e85
  languageName: node
  linkType: hard

"node-domexception@npm:^1.0.0":
  version: 1.0.0
  resolution: "node-domexception@npm:1.0.0"
  checksum: ee1d37dd2a4eb26a8a92cd6b64dfc29caec72bff5e1ed9aba80c294f57a31ba4895a60fd48347cf17dd6e766da0ae87d75657dfd1f384ebfa60462c2283f5c7f
  languageName: node
  linkType: hard

"node-fetch@npm:3.3.1":
  version: 3.3.1
  resolution: "node-fetch@npm:3.3.1"
  dependencies:
    data-uri-to-buffer: ^4.0.0
    fetch-blob: ^3.1.4
    formdata-polyfill: ^4.0.10
  checksum: 62145fd3ba4770a76110bc31fdc0054ab2f5442b5ce96e9c4b39fc9e94a3d305560eec76e1165d9259eab866e02a8eecf9301062bb5dfc9f08a4d08b69d223dd
  languageName: node
  linkType: hard

"node-fetch@npm:^2.5.0":
  version: 2.6.11
  resolution: "node-fetch@npm:2.6.11"
  dependencies:
    whatwg-url: ^5.0.0
  peerDependencies:
    encoding: ^0.1.0
  peerDependenciesMeta:
    encoding:
      optional: true
  checksum: 249d0666a9497553384d46b5ab296ba223521ac88fed4d8a17d6ee6c2efb0fc890f3e8091cafe7f9fba8151a5b8d925db2671543b3409a56c3cd522b468b47b3
  languageName: node
  linkType: hard

"os-tmpdir@npm:~1.0.2":
  version: 1.0.2
  resolution: "os-tmpdir@npm:1.0.2"
  checksum: 5666560f7b9f10182548bf7013883265be33620b1c1b4a4d405c25be2636f970c5488ff3e6c48de75b55d02bde037249fe5dbfbb4c0fb7714953d56aed062e6d
  languageName: node
  linkType: hard

"outdent@npm:^0.5.0":
  version: 0.5.0
  resolution: "outdent@npm:0.5.0"
  checksum: 6e6c63dd09e9890e67ef9a0b4d35df0b0b850b2059ce3f7e19e4cc1a146b26dc5d8c45df238dbf187dfffc8bd82cd07d37c697544015680bcb9f07f29a36c678
  languageName: node
  linkType: hard

"p-filter@npm:^2.1.0":
  version: 2.1.0
  resolution: "p-filter@npm:2.1.0"
  dependencies:
    p-map: ^2.0.0
  checksum: 76e552ca624ce2233448d68b19eec9de42b695208121998f7e011edce71d1079a83096ee6a2078fb2a59cfa8a5c999f046edf00ebf16a8e780022010b4693234
  languageName: node
  linkType: hard

"p-limit@npm:^2.2.0":
  version: 2.3.0
  resolution: "p-limit@npm:2.3.0"
  dependencies:
    p-try: ^2.0.0
  checksum: 84ff17f1a38126c3314e91ecfe56aecbf36430940e2873dadaa773ffe072dc23b7af8e46d4b6485d302a11673fe94c6b67ca2cfbb60c989848b02100d0594ac1
  languageName: node
  linkType: hard

"p-locate@npm:^4.1.0":
  version: 4.1.0
  resolution: "p-locate@npm:4.1.0"
  dependencies:
    p-limit: ^2.2.0
  checksum: 513bd14a455f5da4ebfcb819ef706c54adb09097703de6aeaa5d26fe5ea16df92b48d1ac45e01e3944ce1e6aa2a66f7f8894742b8c9d6e276e16cd2049a2b870
  languageName: node
  linkType: hard

"p-map@npm:^2.0.0":
  version: 2.1.0
  resolution: "p-map@npm:2.1.0"
  checksum: 9e3ad3c9f6d75a5b5661bcad78c91f3a63849189737cd75e4f1225bf9ac205194e5c44aac2ef6f09562b1facdb9bd1425584d7ac375bfaa17b3f1a142dab936d
  languageName: node
  linkType: hard

"p-try@npm:^2.0.0":
  version: 2.2.0
  resolution: "p-try@npm:2.2.0"
  checksum: f8a8e9a7693659383f06aec604ad5ead237c7a261c18048a6e1b5b85a5f8a067e469aa24f5bc009b991ea3b058a87f5065ef4176793a200d4917349881216cae
  languageName: node
  linkType: hard

"package-manager-detector@npm:^0.2.0":
  version: 0.2.0
  resolution: "package-manager-detector@npm:0.2.0"
  checksum: 3ba12d366aef0045d8341670eea71a3c9ef4efb00a411f45bf970bd526dbfc41b6baac4fb18a2585fe2d5f93dbb7245fbce4b4fcb89baa175ecf221c05f47db1
  languageName: node
  linkType: hard

"path-exists@npm:^4.0.0":
  version: 4.0.0
  resolution: "path-exists@npm:4.0.0"
  checksum: 505807199dfb7c50737b057dd8d351b82c033029ab94cb10a657609e00c1bc53b951cfdbccab8de04c5584d5eff31128ce6afd3db79281874a5ef2adbba55ed1
  languageName: node
  linkType: hard

"path-type@npm:^4.0.0":
  version: 4.0.0
  resolution: "path-type@npm:4.0.0"
  checksum: 5b1e2daa247062061325b8fdbfd1fb56dde0a448fb1455453276ea18c60685bdad23a445dc148cf87bc216be1573357509b7d4060494a6fd768c7efad833ee45
  languageName: node
  linkType: hard

"pause-stream@npm:0.0.11":
  version: 0.0.11
  resolution: "pause-stream@npm:0.0.11"
  dependencies:
    through: ~2.3
  checksum: 3c4a14052a638b92e0c96eb00c0d7977df7f79ea28395250c525d197f1fc02d34ce1165d5362e2e6ebbb251524b94a76f3f0d4abc39ab8b016d97449fe15583c
  languageName: node
  linkType: hard

"picocolors@npm:^1.1.0":
  version: 1.1.0
  resolution: "picocolors@npm:1.1.0"
  checksum: a64d653d3a188119ff45781dfcdaeedd7625583f45280aea33fcb032c7a0d3959f2368f9b192ad5e8aade75b74dbd954ffe3106c158509a45e4c18ab379a2acd
  languageName: node
  linkType: hard

"picomatch@npm:^2.3.1":
  version: 2.3.1
  resolution: "picomatch@npm:2.3.1"
  checksum: 050c865ce81119c4822c45d3c84f1ced46f93a0126febae20737bd05ca20589c564d6e9226977df859ed5e03dc73f02584a2b0faad36e896936238238b0446cf
  languageName: node
  linkType: hard

"pify@npm:^4.0.1":
  version: 4.0.1
  resolution: "pify@npm:4.0.1"
  checksum: 9c4e34278cb09987685fa5ef81499c82546c033713518f6441778fbec623fc708777fe8ac633097c72d88470d5963094076c7305cafc7ad340aae27cfacd856b
  languageName: node
  linkType: hard

"prettier@npm:^2.7.1":
  version: 2.8.8
  resolution: "prettier@npm:2.8.8"
  bin:
    prettier: bin-prettier.js
  checksum: b49e409431bf129dd89238d64299ba80717b57ff5a6d1c1a8b1a28b590d998a34e083fa13573bc732bb8d2305becb4c9a4407f8486c81fa7d55100eb08263cf8
  languageName: node
  linkType: hard

"ps-tree@npm:^1.2.0":
  version: 1.2.0
  resolution: "ps-tree@npm:1.2.0"
  dependencies:
    event-stream: =3.3.4
  bin:
    ps-tree: ./bin/ps-tree.js
  checksum: e635dd00f53d30d31696cf5f95b3a8dbdf9b1aeb36d4391578ce8e8cd22949b7c5536c73b0dc18c78615ea3ddd4be96101166be59ca2e3e3cb1e2f79ba3c7f98
  languageName: node
  linkType: hard

"pseudomap@npm:^1.0.2":
  version: 1.0.2
  resolution: "pseudomap@npm:1.0.2"
  checksum: 856c0aae0ff2ad60881168334448e898ad7a0e45fe7386d114b150084254c01e200c957cf378378025df4e052c7890c5bd933939b0e0d2ecfcc1dc2f0b2991f5
  languageName: node
  linkType: hard

"queue-microtask@npm:^1.2.2":
  version: 1.2.3
  resolution: "queue-microtask@npm:1.2.3"
  checksum: b676f8c040cdc5b12723ad2f91414d267605b26419d5c821ff03befa817ddd10e238d22b25d604920340fd73efd8ba795465a0377c4adf45a4a41e4234e42dc4
  languageName: node
  linkType: hard

"read-yaml-file@npm:^1.1.0":
  version: 1.1.0
  resolution: "read-yaml-file@npm:1.1.0"
  dependencies:
    graceful-fs: ^4.1.5
    js-yaml: ^3.6.1
    pify: ^4.0.1
    strip-bom: ^3.0.0
  checksum: 41ee5f075507ef0403328dd54e225a61c3149f915675ce7fd0fd791ddcce2e6c30a9fe0f76ffa7a465c1c157b9b4ad8ded1dcf47dc3b396103eeb013490bbc2e
  languageName: node
  linkType: hard

"regenerator-runtime@npm:^0.13.11":
  version: 0.13.11
  resolution: "regenerator-runtime@npm:0.13.11"
  checksum: 27481628d22a1c4e3ff551096a683b424242a216fee44685467307f14d58020af1e19660bf2e26064de946bad7eff28950eae9f8209d55723e2d9351e632bbb4
  languageName: node
  linkType: hard

"resolve-from@npm:^5.0.0":
  version: 5.0.0
  resolution: "resolve-from@npm:5.0.0"
  checksum: 4ceeb9113e1b1372d0cd969f3468fa042daa1dd9527b1b6bb88acb6ab55d8b9cd65dbf18819f9f9ddf0db804990901dcdaade80a215e7b2c23daae38e64f5bdf
  languageName: node
  linkType: hard

"reusify@npm:^1.0.4":
  version: 1.0.4
  resolution: "reusify@npm:1.0.4"
  checksum: c3076ebcc22a6bc252cb0b9c77561795256c22b757f40c0d8110b1300723f15ec0fc8685e8d4ea6d7666f36c79ccc793b1939c748bf36f18f542744a4e379fcc
  languageName: node
  linkType: hard

"run-parallel@npm:^1.1.9":
  version: 1.2.0
  resolution: "run-parallel@npm:1.2.0"
  dependencies:
    queue-microtask: ^1.2.2
  checksum: cb4f97ad25a75ebc11a8ef4e33bb962f8af8516bb2001082ceabd8902e15b98f4b84b4f8a9b222e5d57fc3bd1379c483886ed4619367a7680dad65316993021d
  languageName: node
  linkType: hard

"safer-buffer@npm:>= 2.1.2 < 3":
  version: 2.1.2
  resolution: "safer-buffer@npm:2.1.2"
  checksum: cab8f25ae6f1434abee8d80023d7e72b598cf1327164ddab31003c51215526801e40b66c5e65d658a0af1e9d6478cadcb4c745f4bd6751f97d8644786c0978b0
  languageName: node
  linkType: hard

"semver@npm:^7.5.3":
  version: 7.6.3
  resolution: "semver@npm:7.6.3"
  bin:
    semver: bin/semver.js
  checksum: 4110ec5d015c9438f322257b1c51fe30276e5f766a3f64c09edd1d7ea7118ecbc3f379f3b69032bacf13116dc7abc4ad8ce0d7e2bd642e26b0d271b56b61a7d8
  languageName: node
  linkType: hard

"shebang-command@npm:^1.2.0":
  version: 1.2.0
  resolution: "shebang-command@npm:1.2.0"
  dependencies:
    shebang-regex: ^1.0.0
  checksum: 9eed1750301e622961ba5d588af2212505e96770ec376a37ab678f965795e995ade7ed44910f5d3d3cb5e10165a1847f52d3348c64e146b8be922f7707958908
  languageName: node
  linkType: hard

"shebang-regex@npm:^1.0.0":
  version: 1.0.0
  resolution: "shebang-regex@npm:1.0.0"
  checksum: 404c5a752cd40f94591dfd9346da40a735a05139dac890ffc229afba610854d8799aaa52f87f7e0c94c5007f2c6af55bdcaeb584b56691926c5eaf41dc8f1372
  languageName: node
  linkType: hard

"signal-exit@npm:^3.0.2":
  version: 3.0.7
  resolution: "signal-exit@npm:3.0.7"
  checksum: a2f098f247adc367dffc27845853e9959b9e88b01cb301658cfe4194352d8d2bb32e18467c786a7fe15f1d44b233ea35633d076d5e737870b7139949d1ab6318
  languageName: node
  linkType: hard

"slash@npm:^3.0.0":
  version: 3.0.0
  resolution: "slash@npm:3.0.0"
  checksum: 94a93fff615f25a999ad4b83c9d5e257a7280c90a32a7cb8b4a87996e4babf322e469c42b7f649fd5796edd8687652f3fb452a86dc97a816f01113183393f11c
  languageName: node
  linkType: hard

"slash@npm:^4.0.0":
  version: 4.0.0
  resolution: "slash@npm:4.0.0"
  checksum: da8e4af73712253acd21b7853b7e0dbba776b786e82b010a5bfc8b5051a1db38ed8aba8e1e8f400dd2c9f373be91eb1c42b66e91abb407ff42b10feece5e1d2d
  languageName: node
  linkType: hard

"spawndamnit@npm:^2.0.0":
  version: 2.0.0
  resolution: "spawndamnit@npm:2.0.0"
  dependencies:
    cross-spawn: ^5.1.0
    signal-exit: ^3.0.2
  checksum: c74b5e264ee5bc13d55692fd422d74c282e4607eb04ac64d19d06796718d89b14921620fa4237ec5635e7acdff21461670ff19850f210225410a353cad0d7fed
  languageName: node
  linkType: hard

"split@npm:0.3":
  version: 0.3.3
  resolution: "split@npm:0.3.3"
  dependencies:
    through: 2
  checksum: 2e076634c9637cfdc54ab4387b6a243b8c33b360874a25adf6f327a5647f07cb3bf1c755d515248eb3afee4e382278d01f62c62d87263c118f28065b86f74f02
  languageName: node
  linkType: hard

"sprintf-js@npm:~1.0.2":
  version: 1.0.3
  resolution: "sprintf-js@npm:1.0.3"
  checksum: 19d79aec211f09b99ec3099b5b2ae2f6e9cdefe50bc91ac4c69144b6d3928a640bb6ae5b3def70c2e85a2c3d9f5ec2719921e3a59d3ca3ef4b2fd1a4656a0df3
  languageName: node
  linkType: hard

"stream-combiner@npm:~0.0.4":
  version: 0.0.4
  resolution: "stream-combiner@npm:0.0.4"
  dependencies:
    duplexer: ~0.1.1
  checksum: 844b622cfe8b9de45a6007404f613b60aaf85200ab9862299066204242f89a7c8033b1c356c998aa6cfc630f6cd9eba119ec1c6dc1f93e245982be4a847aee7d
  languageName: node
  linkType: hard

"strip-bom@npm:^3.0.0":
  version: 3.0.0
  resolution: "strip-bom@npm:3.0.0"
  checksum: 8d50ff27b7ebe5ecc78f1fe1e00fcdff7af014e73cf724b46fb81ef889eeb1015fc5184b64e81a2efe002180f3ba431bdd77e300da5c6685d702780fbf0c8d5b
  languageName: node
  linkType: hard

"term-size@npm:^2.1.0":
  version: 2.2.1
  resolution: "term-size@npm:2.2.1"
  checksum: 1ed981335483babc1e8206f843e06bd2bf89b85f0bf5a9a9d928033a0fcacdba183c03ba7d91814643015543ba002f1339f7112402a21da8f24b6c56b062a5a9
  languageName: node
  linkType: hard

"through@npm:2, through@npm:~2.3, through@npm:~2.3.1":
  version: 2.3.8
  resolution: "through@npm:2.3.8"
  checksum: a38c3e059853c494af95d50c072b83f8b676a9ba2818dcc5b108ef252230735c54e0185437618596c790bbba8fcdaef5b290405981ffa09dce67b1f1bf190cbd
  languageName: node
  linkType: hard

"tmp@npm:^0.0.33":
  version: 0.0.33
  resolution: "tmp@npm:0.0.33"
  dependencies:
    os-tmpdir: ~1.0.2
  checksum: 902d7aceb74453ea02abbf58c203f4a8fc1cead89b60b31e354f74ed5b3fb09ea817f94fb310f884a5d16987dd9fa5a735412a7c2dd088dd3d415aa819ae3a28
  languageName: node
  linkType: hard

"to-regex-range@npm:^5.0.1":
  version: 5.0.1
  resolution: "to-regex-range@npm:5.0.1"
  dependencies:
    is-number: ^7.0.0
  checksum: f76fa01b3d5be85db6a2a143e24df9f60dd047d151062d0ba3df62953f2f697b16fe5dad9b0ac6191c7efc7b1d9dcaa4b768174b7b29da89d4428e64bc0a20ed
  languageName: node
  linkType: hard

"tr46@npm:~0.0.3":
  version: 0.0.3
  resolution: "tr46@npm:0.0.3"
  checksum: 726321c5eaf41b5002e17ffbd1fb7245999a073e8979085dacd47c4b4e8068ff5777142fc6726d6ca1fd2ff16921b48788b87225cbc57c72636f6efa8efbffe3
  languageName: node
  linkType: hard

"tslib@npm:^2.4.0":
  version: 2.4.1
  resolution: "tslib@npm:2.4.1"
  checksum: 19480d6e0313292bd6505d4efe096a6b31c70e21cf08b5febf4da62e95c265c8f571f7b36fcc3d1a17e068032f59c269fab3459d6cd3ed6949eafecf64315fca
  languageName: node
  linkType: hard

"undici-types@npm:~5.25.1":
  version: 5.25.3
  resolution: "undici-types@npm:5.25.3"
  checksum: ec9d2cc36520cbd9fbe3b3b6c682a87fe5be214699e1f57d1e3d9a2cb5be422e62735f06e0067dc325fd3dd7404c697e4d479f9147dc8a804e049e29f357f2ff
  languageName: node
  linkType: hard

"universalify@npm:^0.1.0":
  version: 0.1.2
  resolution: "universalify@npm:0.1.2"
  checksum: 40cdc60f6e61070fe658ca36016a8f4ec216b29bf04a55dce14e3710cc84c7448538ef4dad3728d0bfe29975ccd7bfb5f414c45e7b78883567fb31b246f02dff
  languageName: node
  linkType: hard

"universalify@npm:^2.0.0":
  version: 2.0.0
  resolution: "universalify@npm:2.0.0"
  checksum: 2406a4edf4a8830aa6813278bab1f953a8e40f2f63a37873ffa9a3bc8f9745d06cc8e88f3572cb899b7e509013f7f6fcc3e37e8a6d914167a5381d8440518c44
  languageName: node
  linkType: hard

"web-streams-polyfill@npm:^3.0.3":
  version: 3.2.1
  resolution: "web-streams-polyfill@npm:3.2.1"
  checksum: b119c78574b6d65935e35098c2afdcd752b84268e18746606af149e3c424e15621b6f1ff0b42b2676dc012fc4f0d313f964b41a4b5031e525faa03997457da02
  languageName: node
  linkType: hard

"webidl-conversions@npm:^3.0.0":
  version: 3.0.1
  resolution: "webidl-conversions@npm:3.0.1"
  checksum: c92a0a6ab95314bde9c32e1d0a6dfac83b578f8fa5f21e675bc2706ed6981bc26b7eb7e6a1fab158e5ce4adf9caa4a0aee49a52505d4d13c7be545f15021b17c
  languageName: node
  linkType: hard

"webpod@npm:^0":
  version: 0.0.2
  resolution: "webpod@npm:0.0.2"
  bin:
    webpod: dist/index.js
  checksum: 3c6f7376cf06804a0b68adec3c33d1aceb9a1d13854beac542b95dcdb6f6cee34cd05fbd2228e01b67c2ce48673650296976dd694bd8d0ff10920a32dbe2e30a
  languageName: node
  linkType: hard

"whatwg-url@npm:^5.0.0":
  version: 5.0.0
  resolution: "whatwg-url@npm:5.0.0"
  dependencies:
    tr46: ~0.0.3
    webidl-conversions: ^3.0.0
  checksum: b8daed4ad3356cc4899048a15b2c143a9aed0dfae1f611ebd55073310c7b910f522ad75d727346ad64203d7e6c79ef25eafd465f4d12775ca44b90fa82ed9e2c
  languageName: node
  linkType: hard

"which@npm:^1.2.9":
  version: 1.3.1
  resolution: "which@npm:1.3.1"
  dependencies:
    isexe: ^2.0.0
  bin:
    which: ./bin/which
  checksum: f2e185c6242244b8426c9df1510e86629192d93c1a986a7d2a591f2c24869e7ffd03d6dac07ca863b2e4c06f59a4cc9916c585b72ee9fa1aa609d0124df15e04
  languageName: node
  linkType: hard

"which@npm:^3.0.0":
  version: 3.0.1
  resolution: "which@npm:3.0.1"
  dependencies:
    isexe: ^2.0.0
  bin:
    node-which: bin/which.js
  checksum: adf720fe9d84be2d9190458194f814b5e9015ae4b88711b150f30d0f4d0b646544794b86f02c7ebeec1db2029bc3e83a7ff156f542d7521447e5496543e26890
  languageName: node
  linkType: hard

"yallist@npm:^2.1.2":
  version: 2.1.2
  resolution: "yallist@npm:2.1.2"
  checksum: 9ba99409209f485b6fcb970330908a6d41fa1c933f75e08250316cce19383179a6b70a7e0721b89672ebb6199cc377bf3e432f55100da6a7d6e11902b0a642cb
  languageName: node
  linkType: hard

"yaml@npm:^2.2.2":
  version: 2.3.3
  resolution: "yaml@npm:2.3.3"
  checksum: cdfd132e7e0259f948929efe8835923df05c013c273c02bb7a2de9b46ac3af53c2778a35b32c7c0f877cc355dc9340ed564018c0242bfbb1278c2a3e53a0e99e
  languageName: node
  linkType: hard

"yarn-lock-to-package-json@workspace:.":
  version: 0.0.0-use.local
  resolution: "yarn-lock-to-package-json@workspace:."
  dependencies:
    "@changesets/changelog-github": ^0.4.8
    "@changesets/cli": ^2.27.8
    "@yarnpkg/parsers": ^3.0.0-rc.32
    zx: ^7.2.3
  bin:
    yarn-lock-to-package-json: cli.js
  languageName: unknown
  linkType: soft

"zx@npm:^7.2.3":
  version: 7.2.3
  resolution: "zx@npm:7.2.3"
  dependencies:
    "@types/fs-extra": ^11.0.1
    "@types/minimist": ^1.2.2
    "@types/node": ^18.16.3
    "@types/ps-tree": ^1.1.2
    "@types/which": ^3.0.0
    chalk: ^5.2.0
    fs-extra: ^11.1.1
    fx: "*"
    globby: ^13.1.4
    minimist: ^1.2.8
    node-fetch: 3.3.1
    ps-tree: ^1.2.0
    webpod: ^0
    which: ^3.0.0
    yaml: ^2.2.2
  bin:
    zx: build/cli.js
  checksum: 33b05e26ec3a429de6ff8db759d7b7857b947f4845025416db410bedaa8e613608a6d1916f257e129625d0192b6ba43e482356c6844ff90d15b0fd06dd9b98d2
  languageName: node
  linkType: hard
