# This file is generated by running "yarn install" inside your project.
# Manual changes might be lost - proceed with caution!

__metadata:
  version: 9
  cacheKey: 10c0

"@changesets/apply-release-plan@npm:^8.0.0":
  version: 8.0.0
  resolution: "@changesets/apply-release-plan@npm:8.0.0"
  dependencies:
    "@changesets/config": "npm:^4.0.0"
    "@changesets/format": "npm:^0.1.1"
    "@changesets/git": "npm:^4.0.0"
    "@changesets/should-skip-package": "npm:^1.0.0"
    "@changesets/types": "npm:^7.0.0"
    import-meta-resolve: "npm:^4.2.0"
    jsonc-parser: "npm:^3.3.1"
    semver: "npm:^7.8.1"
  checksum: 10c0/c2b35867e34a6bf4ac1f0b2d329d7fe9b0c25f580a9bf3fb106ad025566b4f4a4cf5f444c5d1287e8d482827a286163afd77992a21acb85d560826a26e6a03ed
  languageName: node
  linkType: hard

"@changesets/assemble-release-plan@npm:^7.0.0":
  version: 7.0.0
  resolution: "@changesets/assemble-release-plan@npm:7.0.0"
  dependencies:
    "@changesets/errors": "npm:^1.0.0"
    "@changesets/get-dependents-graph": "npm:^3.0.0"
    "@changesets/should-skip-package": "npm:^1.0.0"
    "@changesets/types": "npm:^7.0.0"
    semver: "npm:^7.8.1"
  checksum: 10c0/2544759583889865487aec744e948c6d84206a42aa593430436ace83003fe00d3880ef623114c396cd5fd883eccb1e03fc4a719ba5c33038a8556df8fca4b9b7
  languageName: node
  linkType: hard

"@changesets/changelog-git@npm:^1.0.0":
  version: 1.0.0
  resolution: "@changesets/changelog-git@npm:1.0.0"
  dependencies:
    "@changesets/types": "npm:^7.0.0"
  checksum: 10c0/f0f0ab31e6e6ac35ecdae46a521d4c84aab77bbb035898e364d8f9082391b2b8064ba33d9f97d4f1526195f8278f41910c72382b12fcc0092d5bb9ff3ae05310
  languageName: node
  linkType: hard

"@changesets/changelog-github@npm:^0.7.0":
  version: 0.7.0
  resolution: "@changesets/changelog-github@npm:0.7.0"
  dependencies:
    "@changesets/get-github-info": "npm:^0.8.0"
    "@changesets/types": "npm:^6.1.0"
    dotenv: "npm:^8.1.0"
  checksum: 10c0/8054f8d5057e79eccf6658712603c9df04906f6b9c7a8b3581e63d178328ca9ba7cb27e4f2241115c3c3430099dd92ebdea097be86921d0a3cd0d07e06e896eb
  languageName: node
  linkType: hard

"@changesets/cli@npm:^3.0.0":
  version: 3.0.0
  resolution: "@changesets/cli@npm:3.0.0"
  dependencies:
    "@changesets/apply-release-plan": "npm:^8.0.0"
    "@changesets/assemble-release-plan": "npm:^7.0.0"
    "@changesets/changelog-git": "npm:^1.0.0"
    "@changesets/config": "npm:^4.0.0"
    "@changesets/errors": "npm:^1.0.0"
    "@changesets/get-dependents-graph": "npm:^3.0.0"
    "@changesets/git": "npm:^4.0.0"
    "@changesets/pre": "npm:^3.0.0"
    "@changesets/read": "npm:^1.0.0"
    "@changesets/should-skip-package": "npm:^1.0.0"
    "@changesets/types": "npm:^7.0.0"
    "@changesets/write": "npm:^1.0.0"
    "@clack/prompts": "npm:^1.7.0"
    "@manypkg/get-packages": "npm:^3.1.0"
    "@pnpm/deps.graph-sequencer": "npm:^1100.0.1"
    cac: "npm:^7.0.0"
    import-meta-resolve: "npm:^4.2.0"
    launch-editor: "npm:^2.14.1"
    package-manager-detector: "npm:^1.6.0"
    semver: "npm:^7.8.1"
    tinyexec: "npm:^1.3.0"
  bin:
    changeset: bin.js
  checksum: 10c0/f9afe4367dc4e267692a9d8bdb940c39a876267e99b737eb9550a435743cd5fe294d17a93c6f58703a2a260b45ff4b97331a4f42d943eee3a478980ca8f0746e
  languageName: node
  linkType: hard

"@changesets/config@npm:^4.0.0":
  version: 4.0.0
  resolution: "@changesets/config@npm:4.0.0"
  dependencies:
    "@changesets/get-dependents-graph": "npm:^3.0.0"
    "@changesets/should-skip-package": "npm:^1.0.0"
    "@changesets/types": "npm:^7.0.0"
    "@manypkg/get-packages": "npm:^3.1.0"
    picomatch: "npm:^4.0.4"
  checksum: 10c0/484cd32c509534cb0f46a28b7e18fafc9967ebf920e8df694603dcd83fdf49491b180e0f446c0923e471a984b5695ed1891f1b8a2a5a8ebcee84d27d29779533
  languageName: node
  linkType: hard

"@changesets/errors@npm:^1.0.0":
  version: 1.0.0
  resolution: "@changesets/errors@npm:1.0.0"
  checksum: 10c0/502439fb046b9916e8a0745374c75fa80883b0bdeea92aa2e85be07b8675dcdb50df5bd108ce66eddbda1f8863be750bf817301c9d4904c2168305df870e3f9f
  languageName: node
  linkType: hard

"@changesets/format@npm:^0.1.1":
  version: 0.1.1
  resolution: "@changesets/format@npm:0.1.1"
  dependencies:
    package-manager-detector: "npm:^1.6.0"
    tinyexec: "npm:^1.2.4"
  checksum: 10c0/e7cf6224e9fa661243ba0fdc67b370c353b73d1c432fb3888aa9b4639989307e6299a3a21ee1e541235a749fef8672291bc80abe8faa95bdd8891f32f7d7816f
  languageName: node
  linkType: hard

"@changesets/get-dependents-graph@npm:^3.0.0":
  version: 3.0.0
  resolution: "@changesets/get-dependents-graph@npm:3.0.0"
  dependencies:
    "@changesets/types": "npm:^7.0.0"
    semver: "npm:^7.8.1"
  checksum: 10c0/ab675098db0b92f61115952fb793620bb5b76e502bad5f7f63bcc85a50e5515f70e08957be87381a58141ab2078bf94dd92df86efa55e73227e7604ba6a3968b
  languageName: node
  linkType: hard

"@changesets/get-github-info@npm:^0.8.0":
  version: 0.8.0
  resolution: "@changesets/get-github-info@npm:0.8.0"
  dependencies:
    dataloader: "npm:^1.4.0"
    node-fetch: "npm:^2.5.0"
  checksum: 10c0/b7c53e368a1e77504a704de3080ee99c63e7610c3a69549ab6709089bdb3ae2faed33059852033440afe8225827504aae8124c464a65cd91a9ada1de1955cb9e
  languageName: node
  linkType: hard

"@changesets/git@npm:^4.0.0":
  version: 4.0.0
  resolution: "@changesets/git@npm:4.0.0"
  dependencies:
    "@changesets/errors": "npm:^1.0.0"
    "@changesets/types": "npm:^7.0.0"
    "@manypkg/get-packages": "npm:^3.1.0"
    picomatch: "npm:^4.0.4"
    tinyexec: "npm:^1.3.0"
  checksum: 10c0/8a286cf6ae6ac43d4394b3d8f8a97966ce3db583a0481126d73d87849d569911e5ba1384ac1344d69f71f04d603fab47a2b105744455f7b18a310840f35384d5
  languageName: node
  linkType: hard

"@changesets/parse@npm:^1.0.0":
  version: 1.0.0
  resolution: "@changesets/parse@npm:1.0.0"
  dependencies:
    "@changesets/types": "npm:^7.0.0"
    yaml: "npm:^2.9.0"
  checksum: 10c0/76e93b099015420dfc08f3e3a9321ea2512659d8946d1ed86de64899b52d37faa87173cc80ead5d313ffce2f829ce380a0188c0a1cccaad48350e7c6a83720d0
  languageName: node
  linkType: hard

"@changesets/pre@npm:^3.0.0":
  version: 3.0.0
  resolution: "@changesets/pre@npm:3.0.0"
  dependencies:
    "@changesets/errors": "npm:^1.0.0"
    "@changesets/types": "npm:^7.0.0"
    "@manypkg/get-packages": "npm:^3.1.0"
  checksum: 10c0/56e49668f25cabf50dcab12b6ae20fd7dbeba628390149d38a9075b05c41b954d4fbcebe7535878087c5f0b707ce96b90b727286850c71d6d321477bd1a1c18e
  languageName: node
  linkType: hard

"@changesets/read@npm:^1.0.0":
  version: 1.0.0
  resolution: "@changesets/read@npm:1.0.0"
  dependencies:
    "@changesets/git": "npm:^4.0.0"
    "@changesets/parse": "npm:^1.0.0"
    "@changesets/types": "npm:^7.0.0"
  checksum: 10c0/d82e6c89049d4bf86669229437e6bfccd87e6a0cb456c1567b221330c3d7efbeb463a25a0fbfc7fe192c3e6f31166c21fa0d08fcd27fdbba16e04fdae6495a52
  languageName: node
  linkType: hard

"@changesets/should-skip-package@npm:^1.0.0":
  version: 1.0.0
  resolution: "@changesets/should-skip-package@npm:1.0.0"
  dependencies:
    "@changesets/types": "npm:^7.0.0"
  checksum: 10c0/9beb51e7a6a6d678fbfe60efca4646d7daf117ffb90d3dbe3e8b07806f87383cf2a49b0e15b5fe2b827b69f61c0cf7cb77c4bf27b403c2ce835c5ba7990ed0e5
  languageName: node
  linkType: hard

"@changesets/types@npm:^6.1.0":
  version: 6.1.0
  resolution: "@changesets/types@npm:6.1.0"
  checksum: 10c0/b4cea3a4465d1eaf0bbd7be1e404aca5a055a61d4cc72aadcb73bbbda1670b4022736b8d3052616cbf1f451afa0637545d077697f4b923236539af9cd5abce6c
  languageName: node
  linkType: hard

"@changesets/types@npm:^7.0.0":
  version: 7.0.0
  resolution: "@changesets/types@npm:7.0.0"
  checksum: 10c0/494e09ff94968c1c81521f5ac8c6ab60a1e30d7d0cd9ea7f83c2cbac92efba38b03e008ee6fb4592d90b05d69bad864b6ae8155827d52a51c652f5c24d36ec83
  languageName: node
  linkType: hard

"@changesets/write@npm:^1.0.0":
  version: 1.0.0
  resolution: "@changesets/write@npm:1.0.0"
  dependencies:
    "@changesets/format": "npm:^0.1.1"
    "@changesets/types": "npm:^7.0.0"
    human-id: "npm:^4.2.0"
  checksum: 10c0/f53d07c92ac564478ae679f348c812e6cfa861b9228cd2ec9baf3d3dcf95ee96486f77073ee5fa01226e5500064f4f06063b0703302d2eae7e994867e5d74eb8
  languageName: node
  linkType: hard

"@clack/core@npm:1.4.3":
  version: 1.4.3
  resolution: "@clack/core@npm:1.4.3"
  dependencies:
    fast-wrap-ansi: "npm:^0.2.0"
    sisteransi: "npm:^1.0.5"
  checksum: 10c0/16cda430974bc02844cfa6e3f0e6e19695d97e915a580ab74603d34a1f00dcbdd8dc856adc3f89405e3555b5cf42568ae8687e748cb92c3434fe4d9fc7ebe664
  languageName: node
  linkType: hard

"@clack/prompts@npm:^1.7.0":
  version: 1.7.0
  resolution: "@clack/prompts@npm:1.7.0"
  dependencies:
    "@clack/core": "npm:1.4.3"
    fast-string-width: "npm:^3.0.2"
    fast-wrap-ansi: "npm:^0.2.0"
    sisteransi: "npm:^1.0.5"
  checksum: 10c0/a11e4f8d4a03cfe2d9eb21c3263f0252648573977b96e495a7d4f159f7efa929fe775a6ac3fe7ae30d8acb72514d94418a2c4335855d05b575a41aa885c9ff26
  languageName: node
  linkType: hard

"@manypkg/find-root@npm:^3.1.0":
  version: 3.1.0
  resolution: "@manypkg/find-root@npm:3.1.0"
  dependencies:
    "@manypkg/tools": "npm:^2.1.0"
  checksum: 10c0/15b3f5c5c66881af88c1c70dcec805237a2b7e1d541ca7687aade00978680024f8e77ca2f4bac1415e00377f2e78a998d842c345c288d3e69383d50280620b1c
  languageName: node
  linkType: hard

"@manypkg/get-packages@npm:^3.1.0":
  version: 3.1.0
  resolution: "@manypkg/get-packages@npm:3.1.0"
  dependencies:
    "@manypkg/find-root": "npm:^3.1.0"
    "@manypkg/tools": "npm:^2.1.0"
  checksum: 10c0/e8baabd85a13f4537ae22124d5e53f1523ba0653f33006da45fc8bd642e0134786a6aad9d0a7ed99282ae20a80687ef5700bd72980441627b5c96658503ad83d
  languageName: node
  linkType: hard

"@manypkg/tools@npm:^2.1.0":
  version: 2.1.2
  resolution: "@manypkg/tools@npm:2.1.2"
  dependencies:
    jju: "npm:^1.4.0"
    tinyglobby: "npm:^0.2.13"
    yaml: "npm:^2.9.0"
  checksum: 10c0/05c8ece3b3b3ff170765ecf230f0a5408543f1ad43f8b5dc97651adff0ffed3d860dabdd1e2d1068aa247832d473c4de583791675b8f3d07568da4cab2a0ebc3
  languageName: node
  linkType: hard

"@pnpm/deps.graph-sequencer@npm:^1100.0.1":
  version: 1100.0.1
  resolution: "@pnpm/deps.graph-sequencer@npm:1100.0.1"
  checksum: 10c0/b38a152e1184055a358e7c522f068572e84759a88dfc56c98a349125b11d3cce72e452424c235af5cf18258a5034f88fe203c72ba57ffbe70b297afc50d08dea
  languageName: node
  linkType: hard

"@yarnpkg/parsers@npm:^3.1.0":
  version: 3.1.0
  resolution: "@yarnpkg/parsers@npm:3.1.0"
  dependencies:
    js-yaml: "npm:^4.3.0"
    tslib: "npm:^2.4.0"
  checksum: 10c0/0cabf96c138f2211c14c8cf1cacbb3b2430947fa71bfcc9a3fcdf60543d3178b98bb5d14b676e39e45fad6ec453404c0f16908535d53100a53be08d8d1f4b5b5
  languageName: node
  linkType: hard

"argparse@npm:^2.0.1":
  version: 2.0.1
  resolution: "argparse@npm:2.0.1"
  checksum: 10c0/c5640c2d89045371c7cedd6a70212a04e360fd34d6edeae32f6952c63949e3525ea77dbec0289d8213a99bbaeab5abfa860b5c12cf88a2e6cf8106e90dd27a7e
  languageName: node
  linkType: hard

"cac@npm:^7.0.0":
  version: 7.0.0
  resolution: "cac@npm:7.0.0"
  checksum: 10c0/e9da33cb9f0425546ae92a450d479276f9969a050fe64f5d6fedf058bdd87f22a370797fe1c158e07655fa9fc183749df7cb2037431e3772faa7bee9919fb763
  languageName: node
  linkType: hard

"dataloader@npm:^1.4.0":
  version: 1.4.0
  resolution: "dataloader@npm:1.4.0"
  checksum: 10c0/5fa4c843b9e60195092f1fc7e2acaff318ed46886dc670ddff683bc560f12d4079e6d1e77749501b7e111a8582d26a2aa2a2fbe6d7d5e1520cef64f4e1fd242d
  languageName: node
  linkType: hard

"dotenv@npm:^8.1.0":
  version: 8.6.0
  resolution: "dotenv@npm:8.6.0"
  checksum: 10c0/6750431dea8efbd54b9f2d9681b04e1ccc7989486461dcf058bb708d9e3d63b04115fcdf8840e38ad1e24a4a2e1e7c1560626c5e3ac7bc09371b127c49e2d45f
  languageName: node
  linkType: hard

"fast-string-truncated-width@npm:^3.0.2":
  version: 3.0.3
  resolution: "fast-string-truncated-width@npm:3.0.3"
  checksum: 10c0/043b8663397d14a3880ce4f3407bcda60b40db9bbeafe62863a35d1f9c69ea17c8da3fcd72de235553e6c9cd053128cde9e24ca0d4a7463208f48db3cd23d981
  languageName: node
  linkType: hard

"fast-string-width@npm:^3.0.2":
  version: 3.0.2
  resolution: "fast-string-width@npm:3.0.2"
  dependencies:
    fast-string-truncated-width: "npm:^3.0.2"
  checksum: 10c0/c8822d175315bb353ebe782b65214ac53b13e3bf704e03b132ea7bdfa8de6a636375b3ab7a4097545393d109381c37c4f387c72a462c90b61412dbc4632f39a7
  languageName: node
  linkType: hard

"fast-wrap-ansi@npm:^0.2.0":
  version: 0.2.2
  resolution: "fast-wrap-ansi@npm:0.2.2"
  dependencies:
    fast-string-width: "npm:^3.0.2"
  checksum: 10c0/1aa7be4f7cb86f4bdb14691cb6bcc0b8df8b3b89df142ade3ae1602332dcf6f990cd750a923cd581ca0847808cb4ec1aa5afaafa7a72f849e87a2a62c98fa370
  languageName: node
  linkType: hard

"fdir@npm:^6.5.0":
  version: 6.5.0
  resolution: "fdir@npm:6.5.0"
  peerDependencies:
    picomatch: ^3 || ^4
  peerDependenciesMeta:
    picomatch:
      optional: true
  checksum: 10c0/e345083c4306b3aed6cb8ec551e26c36bab5c511e99ea4576a16750ddc8d3240e63826cc624f5ae17ad4dc82e68a253213b60d556c11bfad064b7607847ed07f
  languageName: node
  linkType: hard

"human-id@npm:^4.2.0":
  version: 4.2.0
  resolution: "human-id@npm:4.2.0"
  bin:
    human-id: dist/cli.js
  checksum: 10c0/80071f3b785b2e91080b5f9aa2d079c2e9a464e009ea12c035255b61d1b70beefe7eda42209dff9c1bb9a9fa58e50ada38c1b314ba3a23266a72cd5e9a453e1f
  languageName: node
  linkType: hard

"import-meta-resolve@npm:^4.2.0":
  version: 4.2.0
  resolution: "import-meta-resolve@npm:4.2.0"
  checksum: 10c0/3ee8aeecb61d19b49d2703987f977e9d1c7d4ba47db615a570eaa02fe414f40dfa63f7b953e842cbe8470d26df6371332bfcf21b2fd92b0112f9fea80dde2c4c
  languageName: node
  linkType: hard

"jju@npm:^1.4.0":
  version: 1.4.0
  resolution: "jju@npm:1.4.0"
  checksum: 10c0/f3f444557e4364cfc06b1abf8331bf3778b26c0c8552ca54429bc0092652172fdea26cbffe33e1017b303d5aa506f7ede8571857400efe459cb7439180e2acad
  languageName: node
  linkType: hard

"js-yaml@npm:^4.3.0":
  version: 4.3.1
  resolution: "js-yaml@npm:4.3.1"
  dependencies:
    argparse: "npm:^2.0.1"
  bin:
    js-yaml: bin/js-yaml.js
  checksum: 10c0/13c500ca322e0c3f8c81686e6ecda96d2ea37b45247a420c17c7db36932d6965cc27391abc2d1a104501600e7f0d947a5f8b7be6db619c4fefa87901b3512807
  languageName: node
  linkType: hard

"jsonc-parser@npm:^3.3.1":
  version: 3.3.1
  resolution: "jsonc-parser@npm:3.3.1"
  checksum: 10c0/269c3ae0a0e4f907a914bf334306c384aabb9929bd8c99f909275ebd5c2d3bc70b9bcd119ad794f339dec9f24b6a4ee9cd5a8ab2e6435e730ad4075388fc2ab6
  languageName: node
  linkType: hard

"launch-editor@npm:^2.14.1":
  version: 2.14.1
  resolution: "launch-editor@npm:2.14.1"
  dependencies:
    picocolors: "npm:^1.1.1"
    shell-quote: "npm:^1.8.4"
  checksum: 10c0/bb0ab182086afaf1c391abd38d6fc9d5391cb43d0c2da1d96176f79e9995635cdf34dcfd8df3f756bb82d7bbbb7d37014d5eb312f337350889c0cff92db53dab
  languageName: node
  linkType: hard

"node-fetch@npm:^2.5.0":
  version: 2.6.11
  resolution: "node-fetch@npm:2.6.11"
  dependencies:
    whatwg-url: "npm:^5.0.0"
  peerDependencies:
    encoding: ^0.1.0
  peerDependenciesMeta:
    encoding:
      optional: true
  checksum: 10c0/3ec847ca43f678d07b80abfd85bdf06523c2554ee9a494c992c5fc61f5d9cde9f9f16aa33ff09a62f19eee9d54813b8850d7f054cdfee8b2daf789c57f8eeaea
  languageName: node
  linkType: hard

"package-manager-detector@npm:^1.6.0":
  version: 1.8.0
  resolution: "package-manager-detector@npm:1.8.0"
  checksum: 10c0/4c8e2c47fdc874465d3b3b11934401db9d73470ccbdabeb092e46cb94abbc491d5befc8c271b5ea1ae9c6a881f44c2997e011873365bde9fd6c3dc001221ff7a
  languageName: node
  linkType: hard

"picocolors@npm:^1.1.1":
  version: 1.1.1
  resolution: "picocolors@npm:1.1.1"
  checksum: 10c0/e2e3e8170ab9d7c7421969adaa7e1b31434f789afb9b3f115f6b96d91945041ac3ceb02e9ec6fe6510ff036bcc0bf91e69a1772edc0b707e12b19c0f2d6bcf58
  languageName: node
  linkType: hard

"picomatch@npm:^4.0.4":
  version: 4.0.5
  resolution: "picomatch@npm:4.0.5"
  checksum: 10c0/947bc6b6e1ff1e6c5aaf95b107a0839d12802f4f7b867663f67d47accba939ca1cb582cf99dfc30438efa1c4648ac5990967e783e8929c36b03e8440704ef1bd
  languageName: node
  linkType: hard

"semver@npm:^7.8.1":
  version: 7.8.5
  resolution: "semver@npm:7.8.5"
  bin:
    semver: bin/semver.js
  checksum: 10c0/b1f3127a5be8125a94f37188b361c212466c292c6910adce3ec106cff5dc211ccaedc4739c11bb70fda59d6fc1f040a9bca289f4e093451521a2372e5231fe0c
  languageName: node
  linkType: hard

"shell-quote@npm:^1.8.4":
  version: 1.10.0
  resolution: "shell-quote@npm:1.10.0"
  checksum: 10c0/46ee59bfd972ce6a45500c44ed130dff2d0a7d6fbac9841e59d548518cad8060a06393c9a5dcbc0cede294ad80b2a2cd8c904679e09265f53efc0a0879f30961
  languageName: node
  linkType: hard

"sisteransi@npm:^1.0.5":
  version: 1.0.5
  resolution: "sisteransi@npm:1.0.5"
  checksum: 10c0/230ac975cca485b7f6fe2b96a711aa62a6a26ead3e6fb8ba17c5a00d61b8bed0d7adc21f5626b70d7c33c62ff4e63933017a6462942c719d1980bb0b1207ad46
  languageName: node
  linkType: hard

"tinyexec@npm:^1.2.4, tinyexec@npm:^1.3.0":
  version: 1.3.0
  resolution: "tinyexec@npm:1.3.0"
  checksum: 10c0/e9b89f97489d2aab2cef408da279e6b32547e738d1275032ccb8fd0028a006d93eb70fc51c6cffd9fc2f5aca6c2a273d8b6f73b52d46ee5116da6b94969ef958
  languageName: node
  linkType: hard

"tinyglobby@npm:^0.2.13":
  version: 0.2.17
  resolution: "tinyglobby@npm:0.2.17"
  dependencies:
    fdir: "npm:^6.5.0"
    picomatch: "npm:^4.0.4"
  checksum: 10c0/7f7bb0f197c88bc4b20c231e0deca4240ca3bf313a88f5a7fee93a872b84966a4d50220947c0455ad07a60b3b360961c5b7fd979222aeb716a9f99b412002e4c
  languageName: node
  linkType: hard

"tr46@npm:~0.0.3":
  version: 0.0.3
  resolution: "tr46@npm:0.0.3"
  checksum: 10c0/047cb209a6b60c742f05c9d3ace8fa510bff609995c129a37ace03476a9b12db4dbf975e74600830ef0796e18882b2381fb5fb1f6b4f96b832c374de3ab91a11
  languageName: node
  linkType: hard

"tslib@npm:^2.4.0":
  version: 2.4.1
  resolution: "tslib@npm:2.4.1"
  checksum: 10c0/9ac0e4fd1033861f0b4f0d848dc3009ebcc3aa4757a06e8602a2d8a7aed252810e3540e54e70709f06c0f95311faa8584f769bcbede48aff785eb7e4d399b9ec
  languageName: node
  linkType: hard

"webidl-conversions@npm:^3.0.0":
  version: 3.0.1
  resolution: "webidl-conversions@npm:3.0.1"
  checksum: 10c0/5612d5f3e54760a797052eb4927f0ddc01383550f542ccd33d5238cfd65aeed392a45ad38364970d0a0f4fea32e1f4d231b3d8dac4a3bdd385e5cf802ae097db
  languageName: node
  linkType: hard

"whatwg-url@npm:^5.0.0":
  version: 5.0.0
  resolution: "whatwg-url@npm:5.0.0"
  dependencies:
    tr46: "npm:~0.0.3"
    webidl-conversions: "npm:^3.0.0"
  checksum: 10c0/1588bed84d10b72d5eec1d0faa0722ba1962f1821e7539c535558fb5398d223b0c50d8acab950b8c488b4ba69043fd833cc2697056b167d8ad46fac3995a55d5
  languageName: node
  linkType: hard

"yaml@npm:^2.9.0":
  version: 2.9.0
  resolution: "yaml@npm:2.9.0"
  bin:
    yaml: bin.mjs
  checksum: 10c0/f340718df45e97a9551b9bf9dac61c80050bc464513b710debfb5067c380c8472e3b67809cffacb4ab5ffb5e66ef9310816c88b05f371cec60abfedd8c88e0a2
  languageName: node
  linkType: hard

"yarn-lock-to-package-json@workspace:.":
  version: 0.0.0-use.local
  resolution: "yarn-lock-to-package-json@workspace:."
  dependencies:
    "@changesets/changelog-github": "npm:^0.7.0"
    "@changesets/cli": "npm:^3.0.0"
    "@yarnpkg/parsers": "npm:^3.1.0"
    zx: "npm:^8.8.5"
  bin:
    yarn-lock-to-package-json: cli.js
  languageName: unknown
  linkType: soft

"zx@npm:^8.8.5":
  version: 8.8.5
  resolution: "zx@npm:8.8.5"
  bin:
    zx: build/cli.js
  checksum: 10c0/1273e4f72cfe35a59041aef5a56fd87318bc4e11947d101810b67e5c486ab30574042938728e8a15e085de985e762b8585fcdaab4cf87fd113153b63a5846611
  languageName: node
  linkType: hard
