# This file is generated by running "yarn install" inside your project.
# Manual changes might be lost - proceed with caution!

__metadata:
  version: 9
  cacheKey: 10c0

"agent-base@npm:6":
  version: 6.0.2
  resolution: "agent-base@npm:6.0.2"
  dependencies:
    debug: "npm:4"
  checksum: 10c0/dc4f757e40b5f3e3d674bc9beb4f1048f4ee83af189bae39be99f57bf1f48dde166a8b0a5342a84b5944ee8e6ed1e5a9d801858f4ad44764e84957122fe46261
  languageName: node
  linkType: hard

"ansi-colors@npm:^4.1.1":
  version: 4.1.3
  resolution: "ansi-colors@npm:4.1.3"
  checksum: 10c0/ec87a2f59902f74e61eada7f6e6fe20094a628dab765cfdbd03c3477599368768cffccdb5d3bb19a1b6c99126783a143b1fee31aab729b31ffe5836c7e5e28b9
  languageName: node
  linkType: hard

"balanced-match@npm:^1.0.0":
  version: 1.0.2
  resolution: "balanced-match@npm:1.0.2"
  checksum: 10c0/9308baf0a7e4838a82bbfd11e01b1cb0f0cf2893bc1676c27c2a8c0e70cbae1c59120c3268517a8ae7fb6376b4639ef81ca22582611dbee4ed28df945134aaee
  languageName: node
  linkType: hard

"brace-expansion@npm:^1.1.7":
  version: 1.1.14
  resolution: "brace-expansion@npm:1.1.14"
  dependencies:
    balanced-match: "npm:^1.0.0"
    concat-map: "npm:0.0.1"
  checksum: 10c0/b6fdac832bc4e36a753658c9ed052c2e1a2be221763b002df25d1efbf7d21724334e726a6cd5eadc72a4b19ec3efb632d629cc003bc9c62f7af7a7915ffa4385
  languageName: node
  linkType: hard

"chownr@npm:^2.0.0":
  version: 2.0.0
  resolution: "chownr@npm:2.0.0"
  checksum: 10c0/594754e1303672171cc04e50f6c398ae16128eb134a88f801bf5354fd96f205320f23536a045d9abd8b51024a149696e51231565891d4efdab8846021ecf88e6
  languageName: node
  linkType: hard

"colorette@npm:1.2.1":
  version: 1.2.1
  resolution: "colorette@npm:1.2.1"
  checksum: 10c0/993422e8ef02c3e267ac49ea7f3457839ec261a27a9bf00c4eb1fab5eec40bc1e992972e6e4c392a488838c905c80410736dfc94109be6ae53f19434461022a6
  languageName: node
  linkType: hard

"concat-map@npm:0.0.1":
  version: 0.0.1
  resolution: "concat-map@npm:0.0.1"
  checksum: 10c0/c996b1cfdf95b6c90fee4dae37e332c8b6eb7d106430c17d538034c0ad9a1630cb194d2ab37293b1bdd4d779494beee7786d586a50bd9376fd6f7bcc2bd4c98f
  languageName: node
  linkType: hard

"debug@npm:4":
  version: 4.4.3
  resolution: "debug@npm:4.4.3"
  dependencies:
    ms: "npm:^2.1.3"
  peerDependenciesMeta:
    supports-color:
      optional: true
  checksum: 10c0/d79136ec6c83ecbefd0f6a5593da6a9c91ec4d7ddc4b54c883d6e71ec9accb5f67a1a5e96d00a328196b5b5c86d365e98d8a3a70856aaf16b4e7b1985e67f5a6
  languageName: node
  linkType: hard

"enquirer@npm:2.3.6":
  version: 2.3.6
  resolution: "enquirer@npm:2.3.6"
  dependencies:
    ansi-colors: "npm:^4.1.1"
  checksum: 10c0/8e070e052c2c64326a2803db9084d21c8aaa8c688327f133bf65c4a712586beb126fd98c8a01cfb0433e82a4bd3b6262705c55a63e0f7fb91d06b9cedbde9a11
  languageName: node
  linkType: hard

"fs-extra@npm:10.1.0":
  version: 10.1.0
  resolution: "fs-extra@npm:10.1.0"
  dependencies:
    graceful-fs: "npm:^4.2.0"
    jsonfile: "npm:^6.0.1"
    universalify: "npm:^2.0.0"
  checksum: 10c0/5f579466e7109719d162a9249abbeffe7f426eb133ea486e020b89bc6d67a741134076bf439983f2eb79276ceaf6bd7b7c1e43c3fd67fe889863e69072fb0a5e
  languageName: node
  linkType: hard

"fs-minipass@npm:^2.0.0":
  version: 2.1.0
  resolution: "fs-minipass@npm:2.1.0"
  dependencies:
    minipass: "npm:^3.0.0"
  checksum: 10c0/703d16522b8282d7299337539c3ed6edddd1afe82435e4f5b76e34a79cd74e488a8a0e26a636afc2440e1a23b03878e2122e3a2cfe375a5cf63c37d92b86a004
  languageName: node
  linkType: hard

"fs.realpath@npm:^1.0.0":
  version: 1.0.0
  resolution: "fs.realpath@npm:1.0.0"
  checksum: 10c0/444cf1291d997165dfd4c0d58b69f0e4782bfd9149fd72faa4fe299e68e0e93d6db941660b37dd29153bf7186672ececa3b50b7e7249477b03fdf850f287c948
  languageName: node
  linkType: hard

"fuzzysearch@npm:1.0.3":
  version: 1.0.3
  resolution: "fuzzysearch@npm:1.0.3"
  checksum: 10c0/de6ab4a84cb0d570d1b55c9b9c2bb435b2a781452d23e63911e95d333e3dd1badea743a1d1ab0cac6f28d7e262347dfce10632f0aa9e5df0baaae0270f49578f
  languageName: node
  linkType: hard

"glob@npm:^7.1.3":
  version: 7.2.3
  resolution: "glob@npm:7.2.3"
  dependencies:
    fs.realpath: "npm:^1.0.0"
    inflight: "npm:^1.0.4"
    inherits: "npm:2"
    minimatch: "npm:^3.1.1"
    once: "npm:^1.3.0"
    path-is-absolute: "npm:^1.0.0"
  checksum: 10c0/65676153e2b0c9095100fe7f25a778bf45608eeb32c6048cf307f579649bcc30353277b3b898a3792602c65764e5baa4f643714dfbdfd64ea271d210c7a425fe
  languageName: node
  linkType: hard

"globalyzer@npm:0.1.0":
  version: 0.1.0
  resolution: "globalyzer@npm:0.1.0"
  checksum: 10c0/e16e47a5835cbe8a021423d4c7fcd9f5f85815b4190a7f50c1fdb95fc559d72e4fb30be96f106c66a99413f36d72da0f8323d19d27f60a8feec9d936139ec5a8
  languageName: node
  linkType: hard

"globrex@npm:^0.1.2":
  version: 0.1.2
  resolution: "globrex@npm:0.1.2"
  checksum: 10c0/a54c029520cf58bda1d8884f72bd49b4cd74e977883268d931fd83bcbd1a9eb96d57c7dbd4ad80148fb9247467ebfb9b215630b2ed7563b2a8de02e1ff7f89d1
  languageName: node
  linkType: hard

"graceful-fs@npm:^4.1.6, graceful-fs@npm:^4.2.0":
  version: 4.2.11
  resolution: "graceful-fs@npm:4.2.11"
  checksum: 10c0/386d011a553e02bc594ac2ca0bd6d9e4c22d7fa8cfbfc448a6d148c59ea881b092db9dbe3547ae4b88e55f1b01f7c4a2ecc53b310c042793e63aa44cf6c257f2
  languageName: node
  linkType: hard

"https-proxy-agent@npm:5.0.0":
  version: 5.0.0
  resolution: "https-proxy-agent@npm:5.0.0"
  dependencies:
    agent-base: "npm:6"
    debug: "npm:4"
  checksum: 10c0/670c04f7f0effb5a449c094ea037cbcfb28a5ab93ed22e8c343095202cc7288027869a5a21caf4ee3b8ea06f9624ef1e1fc9044669c0fd92617654ff39f30806
  languageName: node
  linkType: hard

"inflight@npm:^1.0.4":
  version: 1.0.6
  resolution: "inflight@npm:1.0.6"
  dependencies:
    once: "npm:^1.3.0"
    wrappy: "npm:1"
  checksum: 10c0/7faca22584600a9dc5b9fca2cd5feb7135ac8c935449837b315676b4c90aa4f391ec4f42240178244b5a34e8bede1948627fda392ca3191522fc46b34e985ab2
  languageName: node
  linkType: hard

"inherits@npm:2":
  version: 2.0.4
  resolution: "inherits@npm:2.0.4"
  checksum: 10c0/4e531f648b29039fb7426fb94075e6545faa1eb9fe83c29f0b6d9e7263aceb4289d2d4557db0d428188eeb449cc7c5e77b0a0b2c4e248ff2a65933a0dee49ef2
  languageName: node
  linkType: hard

"jsonfile@npm:^6.0.1":
  version: 6.2.1
  resolution: "jsonfile@npm:6.2.1"
  dependencies:
    graceful-fs: "npm:^4.1.6"
    universalify: "npm:^2.0.0"
  dependenciesMeta:
    graceful-fs:
      optional: true
  checksum: 10c0/e1abf000ecee9942d4d028a8e02dc752617face227d72afd1cfb2187e2433079e625bf82b807a313689db71b6472c6b2b389a2340d2798737b1199a39631c28a
  languageName: node
  linkType: hard

"minimatch@npm:^3.1.1":
  version: 3.1.5
  resolution: "minimatch@npm:3.1.5"
  dependencies:
    brace-expansion: "npm:^1.1.7"
  checksum: 10c0/2ecbdc0d33f07bddb0315a8b5afbcb761307a8778b48f0b312418ccbced99f104a2d17d8aca7573433c70e8ccd1c56823a441897a45e384ea76ef401a26ace70
  languageName: node
  linkType: hard

"minipass@npm:^3.0.0":
  version: 3.3.6
  resolution: "minipass@npm:3.3.6"
  dependencies:
    yallist: "npm:^4.0.0"
  checksum: 10c0/a114746943afa1dbbca8249e706d1d38b85ed1298b530f5808ce51f8e9e941962e2a5ad2e00eae7dd21d8a4aae6586a66d4216d1a259385e9d0358f0c1eba16c
  languageName: node
  linkType: hard

"minipass@npm:^5.0.0":
  version: 5.0.0
  resolution: "minipass@npm:5.0.0"
  checksum: 10c0/a91d8043f691796a8ac88df039da19933ef0f633e3d7f0d35dcd5373af49131cf2399bfc355f41515dc495e3990369c3858cd319e5c2722b4753c90bf3152462
  languageName: node
  linkType: hard

"minizlib@npm:^2.1.1":
  version: 2.1.2
  resolution: "minizlib@npm:2.1.2"
  dependencies:
    minipass: "npm:^3.0.0"
    yallist: "npm:^4.0.0"
  checksum: 10c0/64fae024e1a7d0346a1102bb670085b17b7f95bf6cfdf5b128772ec8faf9ea211464ea4add406a3a6384a7d87a0cd1a96263692134323477b4fb43659a6cab78
  languageName: node
  linkType: hard

"mkdirp@npm:^1.0.3":
  version: 1.0.4
  resolution: "mkdirp@npm:1.0.4"
  bin:
    mkdirp: bin/cmd.js
  checksum: 10c0/46ea0f3ffa8bc6a5bc0c7081ffc3907777f0ed6516888d40a518c5111f8366d97d2678911ad1a6882bf592fa9de6c784fea32e1687bb94e1f4944170af48a5cf
  languageName: node
  linkType: hard

"mri@npm:1.1.6":
  version: 1.1.6
  resolution: "mri@npm:1.1.6"
  checksum: 10c0/dd29640dd5d4d3abc959156806adc2e7c6233b010609727499616f2047e9481dcbd3ba9b0bc7135428f1c42cca6b0475cee6f898b41ff8ccec730e4fa80de40d
  languageName: node
  linkType: hard

"ms@npm:^2.1.3":
  version: 2.1.3
  resolution: "ms@npm:2.1.3"
  checksum: 10c0/d924b57e7312b3b63ad21fc5b3dc0af5e78d61a1fc7cfb5457edaf26326bf62be5307cc87ffb6862ef1c2b33b0233cdb5d4f01c4c958cc0d660948b65a287a48
  languageName: node
  linkType: hard

"once@npm:^1.3.0":
  version: 1.4.0
  resolution: "once@npm:1.4.0"
  dependencies:
    wrappy: "npm:1"
  checksum: 10c0/5d48aca287dfefabd756621c5dfce5c91a549a93e9fdb7b8246bc4c4790aa2ec17b34a260530474635147aeb631a2dcc8b32c613df0675f96041cbb8244517d0
  languageName: node
  linkType: hard

"path-is-absolute@npm:^1.0.0":
  version: 1.0.1
  resolution: "path-is-absolute@npm:1.0.1"
  checksum: 10c0/127da03c82172a2a50099cddbf02510c1791fc2cc5f7713ddb613a56838db1e8168b121a920079d052e0936c23005562059756d653b7c544c53185efe53be078
  languageName: node
  linkType: hard

"rimraf@npm:3.0.2":
  version: 3.0.2
  resolution: "rimraf@npm:3.0.2"
  dependencies:
    glob: "npm:^7.1.3"
  bin:
    rimraf: bin.js
  checksum: 10c0/9cb7757acb489bd83757ba1a274ab545eafd75598a9d817e0c3f8b164238dd90eba50d6b848bd4dcc5f3040912e882dc7ba71653e35af660d77b25c381d402e8
  languageName: node
  linkType: hard

"sub-package@workspace:sub-package":
  version: 0.0.0-use.local
  resolution: "sub-package@workspace:sub-package"
  dependencies:
    tiged: "patch:tiged@npm%3A2.12.4#../.yarn/patches/tiged-npm-2.12.4-b64a6b9192.patch"
  languageName: unknown
  linkType: soft

"tar@npm:^6.1.11":
  version: 6.2.1
  resolution: "tar@npm:6.2.1"
  dependencies:
    chownr: "npm:^2.0.0"
    fs-minipass: "npm:^2.0.0"
    minipass: "npm:^5.0.0"
    minizlib: "npm:^2.1.1"
    mkdirp: "npm:^1.0.3"
    yallist: "npm:^4.0.0"
  checksum: 10c0/a5eca3eb50bc11552d453488344e6507156b9193efd7635e98e867fab275d527af53d8866e2370cd09dfe74378a18111622ace35af6a608e5223a7d27fe99537
  languageName: node
  linkType: hard

"tiged@npm:2.12.3":
  version: 2.12.3
  resolution: "tiged@npm:2.12.3"
  dependencies:
    colorette: "npm:1.2.1"
    enquirer: "npm:2.3.6"
    fs-extra: "npm:10.1.0"
    fuzzysearch: "npm:1.0.3"
    https-proxy-agent: "npm:5.0.0"
    mri: "npm:1.1.6"
    rimraf: "npm:3.0.2"
    tar: "npm:^6.1.11"
    tiny-glob: "npm:0.2.8"
  bin:
    degit: bin.js
    tiged: bin.js
  checksum: 10c0/dd53a95d6f1239b8d2eca3c9eeaca1a54e37825b7845a7ed664f0064566604d54f129bd0deb8f9f075bc69ecef3f9bc01b651486bec8f9a42158a754442e4874
  languageName: node
  linkType: hard

"tiged@npm:2.12.4":
  version: 2.12.4
  resolution: "tiged@npm:2.12.4"
  dependencies:
    colorette: "npm:1.2.1"
    enquirer: "npm:2.3.6"
    fs-extra: "npm:10.1.0"
    fuzzysearch: "npm:1.0.3"
    https-proxy-agent: "npm:5.0.0"
    mri: "npm:1.1.6"
    rimraf: "npm:3.0.2"
    tar: "npm:^6.1.11"
    tiny-glob: "npm:0.2.8"
  bin:
    degit: bin.js
    tiged: bin.js
  checksum: 10c0/58f97058ebc92110e042bdc5b72d395affd1235d80373546a135f3bf782561df237524c8135ffb941518679233a18ffb41c88bdc846b39176308d0e0d9aa75a6
  languageName: node
  linkType: hard

"tiged@patch:tiged@npm%3A2.12.4#../.yarn/patches/tiged-npm-2.12.4-b64a6b9192.patch::locator=sub-package%40workspace%3Asub-package":
  version: 2.12.4
  resolution: "tiged@patch:tiged@npm%3A2.12.4#../.yarn/patches/tiged-npm-2.12.4-b64a6b9192.patch::version=2.12.4&hash=4c01a7&locator=sub-package%40workspace%3Asub-package"
  dependencies:
    colorette: "npm:1.2.1"
    enquirer: "npm:2.3.6"
    fs-extra: "npm:10.1.0"
    fuzzysearch: "npm:1.0.3"
    https-proxy-agent: "npm:5.0.0"
    mri: "npm:1.1.6"
    rimraf: "npm:3.0.2"
    tar: "npm:^6.1.11"
    tiny-glob: "npm:0.2.8"
  bin:
    degit: bin.js
    tiged: bin.js
  checksum: 10c0/a7633c02b86b769ba5de2bf9865aa2cb714528a4df7336d3eec679160ecffe11c7a78bf0020461eadd16874972a8d1fc3d9d11a9bae03db0a8ed7d8e4aa5a895
  languageName: node
  linkType: hard

"tiny-glob@npm:0.2.8":
  version: 0.2.8
  resolution: "tiny-glob@npm:0.2.8"
  dependencies:
    globalyzer: "npm:0.1.0"
    globrex: "npm:^0.1.2"
  checksum: 10c0/3055a11a94e35a26630262a80404bc81e987d567824ea51dc6d937a8ea5b0e87088ac0c4acc3edcb34b94f074d103b78523293ccc737abc8cc5024eb227a9790
  languageName: node
  linkType: hard

"universalify@npm:^2.0.0":
  version: 2.0.1
  resolution: "universalify@npm:2.0.1"
  checksum: 10c0/73e8ee3809041ca8b818efb141801a1004e3fc0002727f1531f4de613ea281b494a40909596dae4a042a4fb6cd385af5d4db2e137b1362e0e91384b828effd3a
  languageName: node
  linkType: hard

"wrappy@npm:1":
  version: 1.0.2
  resolution: "wrappy@npm:1.0.2"
  checksum: 10c0/56fece1a4018c6a6c8e28fbc88c87e0fbf4ea8fd64fc6c63b18f4acc4bd13e0ad2515189786dd2c30d3eec9663d70f4ecf699330002f8ccb547e4a18231fc9f0
  languageName: node
  linkType: hard

"yallist@npm:^4.0.0":
  version: 4.0.0
  resolution: "yallist@npm:4.0.0"
  checksum: 10c0/2286b5e8dbfe22204ab66e2ef5cc9bbb1e55dfc873bbe0d568aa943eb255d131890dfd5bf243637273d31119b870f49c18fcde2c6ffbb7a7a092b870dc90625a
  languageName: node
  linkType: hard

"~dev@workspace:.":
  version: 0.0.0-use.local
  resolution: "~dev@workspace:."
  dependencies:
    tiged: "npm:2.12.3"
  languageName: unknown
  linkType: soft
