# This file is generated by running "yarn install" inside your project.
# Manual changes might be lost - proceed with caution!

__metadata:
  version: 6
  cacheKey: 8

"uuid@npm:9.0.1":
  version: 9.0.1
  resolution: "uuid@npm:9.0.1"
  bin:
    uuid: dist/bin/uuid
  checksum: 39931f6da74e307f51c0fb463dc2462807531dc80760a9bff1e35af4316131b4fc3203d16da60ae33f07fdca5b56f3f1dd662da0c99fea9aaeab2004780cc5f4
  languageName: node
  linkType: hard

"uuid@patch:uuid@npm%3A9.0.1#./.yarn/patches/uuid-npm-9.0.1-39a8442bc6.patch::locator=~dev%40workspace%3A.":
  version: 9.0.1
  resolution: "uuid@patch:uuid@npm%3A9.0.1#./.yarn/patches/uuid-npm-9.0.1-39a8442bc6.patch::version=9.0.1&hash=98efc2&locator=~dev%40workspace%3A."
  bin:
    uuid: dist/bin/uuid
  checksum: 9c0db3d0a4bef786384f0c3d095bc218b87679f50159aac8b9650a8b50c9ee9cd491db674db5d87ab764f5d18a955bb8d8e8a34f075474ae7ed3d484d8c43a71
  languageName: node
  linkType: hard

"~dev@workspace:.":
  version: 0.0.0-use.local
  resolution: "~dev@workspace:."
  dependencies:
    uuid: ^9.0.0
  languageName: unknown
  linkType: soft
