# This file is generated by running "yarn install" inside your project.
# Manual changes might be lost - proceed with caution!

__metadata:
  version: 8
  cacheKey: 10

"uuid@npm:9.0.1":
  version: 9.0.1
  resolution: "uuid@npm:9.0.1"
  bin:
    uuid: dist/bin/uuid
  checksum: 10/9d0b6adb72b736e36f2b1b53da0d559125ba3e39d913b6072f6f033e0c87835b414f0836b45bcfaf2bdf698f92297fea1c3cc19b0b258bc182c9c43cc0fab9f2
  languageName: node
  linkType: hard

"uuid@patch:uuid@npm%3A9.0.1#./.yarn/patches/uuid-npm-9.0.1-39a8442bc6.patch::locator=~dev%40workspace%3A.":
  version: 9.0.1
  resolution: "uuid@patch:uuid@npm%3A9.0.1#./.yarn/patches/uuid-npm-9.0.1-39a8442bc6.patch::version=9.0.1&hash=98efc2&locator=~dev%40workspace%3A."
  bin:
    uuid: dist/bin/uuid
  checksum: 10/e83d0d45a03923fb6555a5006bdf2a93dafd6c5cd795992942729365fd78125075b2db5d37ddf646ac8fd2801e2c019b928eefedc6bfe8b990328e93eecf5fb8
  languageName: node
  linkType: hard

"~dev@workspace:.":
  version: 0.0.0-use.local
  resolution: "~dev@workspace:."
  dependencies:
    uuid: "npm:^9.0.0"
  languageName: unknown
  linkType: soft
