# This file is generated by running "yarn install" inside your project.
# Manual changes might be lost - proceed with caution!

__metadata:
  version: 6
  cacheKey: 8

"@types/bun@npm:latest":
  version: 1.2.20
  resolution: "@types/bun@npm:1.2.20"
  dependencies:
    bun-types: 1.2.20
  checksum: 69c9eed6fb19f0ee50d01cecba2f6dc1b54e08a220d2263b15177fc699ffec0ce41d3ad2a405e70f99f333e8bd5957fb95314a4e6a1b71f0b767252a3022d10c
  languageName: node
  linkType: hard

"@types/node@npm:*":
  version: 24.2.1
  resolution: "@types/node@npm:24.2.1"
  dependencies:
    undici-types: ~7.10.0
  checksum: d7a12a35bcb6ade13787bd9b40d8f59b96170f228dfbd19326170b4df2a66ae86cf21eec6867e92f979405235431e580a9668b167aa3ce8e89531c00792551d3
  languageName: node
  linkType: hard

"@types/node@npm:^20.14.12":
  version: 20.19.10
  resolution: "@types/node@npm:20.19.10"
  dependencies:
    undici-types: ~6.21.0
  checksum: e294ec0d37ce5a1ae9e4c255ef837b584d793a4d2f89472d580024a4c008de0d5df595c919e96e95fcdf56bf55d567213f90c0c5874b369a30526bedfaa3f418
  languageName: node
  linkType: hard

"ansi-regex@npm:^5.0.1":
  version: 5.0.1
  resolution: "ansi-regex@npm:5.0.1"
  checksum: 2aa4bb54caf2d622f1afdad09441695af2a83aa3fe8b8afa581d205e57ed4261c183c4d3877cee25794443fde5876417d859c108078ab788d6af7e4fe52eb66b
  languageName: node
  linkType: hard

"ansi-regex@npm:^6.0.1":
  version: 6.1.0
  resolution: "ansi-regex@npm:6.1.0"
  checksum: 495834a53b0856c02acd40446f7130cb0f8284f4a39afdab20d5dc42b2e198b1196119fe887beed8f9055c4ff2055e3b2f6d4641d0be018cdfb64fedf6fc1aac
  languageName: node
  linkType: hard

"ansi-styles@npm:^4.0.0":
  version: 4.3.0
  resolution: "ansi-styles@npm:4.3.0"
  dependencies:
    color-convert: ^2.0.1
  checksum: 513b44c3b2105dd14cc42a19271e80f386466c4be574bccf60b627432f9198571ebf4ab1e4c3ba17347658f4ee1711c163d574248c0c1cdc2d5917a0ad582ec4
  languageName: node
  linkType: hard

"ansi-styles@npm:^6.2.1":
  version: 6.2.1
  resolution: "ansi-styles@npm:6.2.1"
  checksum: ef940f2f0ced1a6347398da88a91da7930c33ecac3c77b72c5905f8b8fe402c52e6fde304ff5347f616e27a742da3f1dc76de98f6866c69251ad0b07a66776d9
  languageName: node
  linkType: hard

"bun-types@npm:1.2.20":
  version: 1.2.20
  resolution: "bun-types@npm:1.2.20"
  dependencies:
    "@types/node": "*"
  peerDependencies:
    "@types/react": ^19
  checksum: 5f3c55952b056ee796757dbbddf3d46bf19ff030a6b5f004b45d3644469296dc58338b15b98298375f392bd1d890e6e0a1592082dcdd9cca6cb9e4865ab8a2fe
  languageName: node
  linkType: hard

"cliui-8@npm:cliui@^8.0.0, cliui@npm:^8.0.0, cliui@npm:^8.0.1":
  version: 8.0.1
  resolution: "cliui@npm:8.0.1"
  dependencies:
    string-width: ^4.2.0
    strip-ansi: ^6.0.1
    wrap-ansi: ^7.0.0
  checksum: 79648b3b0045f2e285b76fb2e24e207c6db44323581e421c3acbd0e86454cba1b37aea976ab50195a49e7384b871e6dfb2247ad7dec53c02454ac6497394cb56
  languageName: node
  linkType: hard

"cliui-9@npm:cliui@9.0.1":
  version: 9.0.1
  resolution: "cliui@npm:9.0.1"
  dependencies:
    string-width: ^7.2.0
    strip-ansi: ^7.1.0
    wrap-ansi: ^9.0.0
  checksum: 143879ae462bf76822f341bf40979f0225fdba8dde6dfe429018b13396fd0532752cc2a809ac48cecc0ea189406184ad7568c0af44eea73d2ac3b432c4c6431f
  languageName: node
  linkType: hard

"color-convert@npm:^2.0.1":
  version: 2.0.1
  resolution: "color-convert@npm:2.0.1"
  dependencies:
    color-name: ~1.1.4
  checksum: 79e6bdb9fd479a205c71d89574fccfb22bd9053bd98c6c4d870d65c132e5e904e6034978e55b43d69fcaa7433af2016ee203ce76eeba9cfa554b373e7f7db336
  languageName: node
  linkType: hard

"color-name@npm:~1.1.4":
  version: 1.1.4
  resolution: "color-name@npm:1.1.4"
  checksum: b0445859521eb4021cd0fb0cc1a75cecf67fceecae89b63f62b201cca8d345baf8b952c966862a9d9a2632987d4f6581f0ec8d957dfacece86f0a7919316f610
  languageName: node
  linkType: hard

"emoji-regex@npm:^10.3.0":
  version: 10.4.0
  resolution: "emoji-regex@npm:10.4.0"
  checksum: a6d9a0e454829a52e664e049847776ee1fff5646617b06cd87de7c03ce1dfcce4102a3b154d5e9c8e90f8125bc120fc1fe114d523dddf60a8a161f26c72658d2
  languageName: node
  linkType: hard

"emoji-regex@npm:^8.0.0":
  version: 8.0.0
  resolution: "emoji-regex@npm:8.0.0"
  checksum: d4c5c39d5a9868b5fa152f00cada8a936868fd3367f33f71be515ecee4c803132d11b31a6222b2571b1e5f7e13890156a94880345594d0ce7e3c9895f560f192
  languageName: node
  linkType: hard

"get-east-asian-width@npm:^1.0.0":
  version: 1.3.0
  resolution: "get-east-asian-width@npm:1.3.0"
  checksum: 757a34c7a46ff385e2775f96f9d3e553f6b6666a8898fb89040d36a1010fba692332772945606a7d4b0f0c6afb84cd394e75d5477c56e1f00f1eb79603b0aecc
  languageName: node
  linkType: hard

"is-fullwidth-code-point@npm:^3.0.0":
  version: 3.0.0
  resolution: "is-fullwidth-code-point@npm:3.0.0"
  checksum: 44a30c29457c7fb8f00297bce733f0a64cd22eca270f83e58c105e0d015e45c019491a4ab2faef91ab51d4738c670daff901c799f6a700e27f7314029e99e348
  languageName: node
  linkType: hard

"kleur@npm:^4.1.5":
  version: 4.1.5
  resolution: "kleur@npm:4.1.5"
  checksum: 1dc476e32741acf0b1b5b0627ffd0d722e342c1b0da14de3e8ae97821327ca08f9fb944542fb3c126d90ac5f27f9d804edbe7c585bf7d12ef495d115e0f22c12
  languageName: node
  linkType: hard

"photo-frame@npm:1.0.1":
  version: 1.0.1
  resolution: "photo-frame@npm:1.0.1"
  dependencies:
    "@types/bun": latest
    "@types/node": ^20.14.12
    cliui: ^8.0.1
    kleur: ^4.1.5
  bin:
    photo-frame: bin/index.js
  checksum: f4bcb3dcab6e341135de927f507e7fac7a81b4bebef420d9da3d8a27e6757adb02242ab006e8c10286990454c8f2ae92638f41266966a4cedd54e4837089b72b
  languageName: node
  linkType: hard

"string-width@npm:^4.1.0, string-width@npm:^4.2.0":
  version: 4.2.3
  resolution: "string-width@npm:4.2.3"
  dependencies:
    emoji-regex: ^8.0.0
    is-fullwidth-code-point: ^3.0.0
    strip-ansi: ^6.0.1
  checksum: e52c10dc3fbfcd6c3a15f159f54a90024241d0f149cf8aed2982a2d801d2e64df0bf1dc351cf8e95c3319323f9f220c16e740b06faecd53e2462df1d2b5443fb
  languageName: node
  linkType: hard

"string-width@npm:^7.0.0, string-width@npm:^7.2.0":
  version: 7.2.0
  resolution: "string-width@npm:7.2.0"
  dependencies:
    emoji-regex: ^10.3.0
    get-east-asian-width: ^1.0.0
    strip-ansi: ^7.1.0
  checksum: 42f9e82f61314904a81393f6ef75b832c39f39761797250de68c041d8ba4df2ef80db49ab6cd3a292923a6f0f409b8c9980d120f7d32c820b4a8a84a2598a295
  languageName: node
  linkType: hard

"strip-ansi@npm:^6.0.0, strip-ansi@npm:^6.0.1":
  version: 6.0.1
  resolution: "strip-ansi@npm:6.0.1"
  dependencies:
    ansi-regex: ^5.0.1
  checksum: f3cd25890aef3ba6e1a74e20896c21a46f482e93df4a06567cebf2b57edabb15133f1f94e57434e0a958d61186087b1008e89c94875d019910a213181a14fc8c
  languageName: node
  linkType: hard

"strip-ansi@npm:^7.1.0":
  version: 7.1.0
  resolution: "strip-ansi@npm:7.1.0"
  dependencies:
    ansi-regex: ^6.0.1
  checksum: 859c73fcf27869c22a4e4d8c6acfe690064659e84bef9458aa6d13719d09ca88dcfd40cbf31fd0be63518ea1a643fe070b4827d353e09533a5b0b9fd4553d64d
  languageName: node
  linkType: hard

"sub-package-2@workspace:sub-package-2":
  version: 0.0.0-use.local
  resolution: "sub-package-2@workspace:sub-package-2"
  dependencies:
    cliui: ^8.0.0
  languageName: unknown
  linkType: soft

"sub-package-3@workspace:sub-package-3":
  version: 0.0.0-use.local
  resolution: "sub-package-3@workspace:sub-package-3"
  dependencies:
    photo-frame: 1.0.1
  languageName: unknown
  linkType: soft

"sub-package@workspace:sub-package":
  version: 0.0.0-use.local
  resolution: "sub-package@workspace:sub-package"
  dependencies:
    cliui-8: "npm:cliui@^8.0.0"
    cliui-9: "npm:cliui@9.0.1"
  languageName: unknown
  linkType: soft

"undici-types@npm:~6.21.0":
  version: 6.21.0
  resolution: "undici-types@npm:6.21.0"
  checksum: 46331c7d6016bf85b3e8f20c159d62f5ae471aba1eb3dc52fff35a0259d58dcc7d592d4cc4f00c5f9243fa738a11cfa48bd20203040d4a9e6bc25e807fab7ab3
  languageName: node
  linkType: hard

"undici-types@npm:~7.10.0":
  version: 7.10.0
  resolution: "undici-types@npm:7.10.0"
  checksum: 6917fcd8c80963919fe918952f9243a6749af0e3f759a39f8d2c2486144a66c86ae4125aebbce700b636cb1dcd45e85eb8c49c60d60738a97b63f0e89ef9b053
  languageName: node
  linkType: hard

"wrap-ansi@npm:^7.0.0":
  version: 7.0.0
  resolution: "wrap-ansi@npm:7.0.0"
  dependencies:
    ansi-styles: ^4.0.0
    string-width: ^4.1.0
    strip-ansi: ^6.0.0
  checksum: a790b846fd4505de962ba728a21aaeda189b8ee1c7568ca5e817d85930e06ef8d1689d49dbf0e881e8ef84436af3a88bc49115c2e2788d841ff1b8b5b51a608b
  languageName: node
  linkType: hard

"wrap-ansi@npm:^9.0.0":
  version: 9.0.0
  resolution: "wrap-ansi@npm:9.0.0"
  dependencies:
    ansi-styles: ^6.2.1
    string-width: ^7.0.0
    strip-ansi: ^7.1.0
  checksum: b2d43b76b3d8dcbdd64768165e548aad3e54e1cae4ecd31bac9966faaa7cf0b0345677ad6879db10ba58eb446ba8fa44fb82b4951872fd397f096712467a809f
  languageName: node
  linkType: hard

"~dev@workspace:.":
  version: 0.0.0-use.local
  resolution: "~dev@workspace:."
  languageName: unknown
  linkType: soft
