# This file is generated by running "yarn install" inside your project.
# Manual changes might be lost - proceed with caution!

__metadata:
  version: 8
  cacheKey: 10

"agent-base@npm:6":
  version: 6.0.2
  resolution: "agent-base@npm:6.0.2"
  dependencies:
    debug: "npm:4"
  checksum: 10/21fb903e0917e5cb16591b4d0ef6a028a54b83ac30cd1fca58dece3d4e0990512a8723f9f83130d88a41e2af8b1f7be1386fda3ea2d181bb1a62155e75e95e23
  languageName: node
  linkType: hard

"ansi-colors@npm:^4.1.1":
  version: 4.1.3
  resolution: "ansi-colors@npm:4.1.3"
  checksum: 10/43d6e2fc7b1c6e4dc373de708ee76311ec2e0433e7e8bd3194e7ff123ea6a747428fc61afdcf5969da5be3a5f0fd054602bec56fc0ebe249ce2fcde6e649e3c2
  languageName: node
  linkType: hard

"balanced-match@npm:^1.0.0":
  version: 1.0.2
  resolution: "balanced-match@npm:1.0.2"
  checksum: 10/9706c088a283058a8a99e0bf91b0a2f75497f185980d9ffa8b304de1d9e58ebda7c72c07ebf01dadedaac5b2907b2c6f566f660d62bd336c3468e960403b9d65
  languageName: node
  linkType: hard

"brace-expansion@npm:^1.1.7":
  version: 1.1.11
  resolution: "brace-expansion@npm:1.1.11"
  dependencies:
    balanced-match: "npm:^1.0.0"
    concat-map: "npm:0.0.1"
  checksum: 10/faf34a7bb0c3fcf4b59c7808bc5d2a96a40988addf2e7e09dfbb67a2251800e0d14cd2bfc1aa79174f2f5095c54ff27f46fb1289fe2d77dac755b5eb3434cc07
  languageName: node
  linkType: hard

"chownr@npm:^2.0.0":
  version: 2.0.0
  resolution: "chownr@npm:2.0.0"
  checksum: 10/c57cf9dd0791e2f18a5ee9c1a299ae6e801ff58fee96dc8bfd0dcb4738a6ce58dd252a3605b1c93c6418fe4f9d5093b28ffbf4d66648cb2a9c67eaef9679be2f
  languageName: node
  linkType: hard

"colorette@npm:1.2.1":
  version: 1.2.1
  resolution: "colorette@npm:1.2.1"
  checksum: 10/06e2fcdb9e2a2c527ac84509a56eadf481cde1768933eb612808f3bb3a9d9872c06b4a9f95e4d0f7befeef8b38307f79b88242d9ea52470d1125520b8116de08
  languageName: node
  linkType: hard

"concat-map@npm:0.0.1":
  version: 0.0.1
  resolution: "concat-map@npm:0.0.1"
  checksum: 10/9680699c8e2b3af0ae22592cb764acaf973f292a7b71b8a06720233011853a58e256c89216a10cbe889727532fd77f8bcd49a760cedfde271b8e006c20e079f2
  languageName: node
  linkType: hard

"debug@npm:4":
  version: 4.3.4
  resolution: "debug@npm:4.3.4"
  dependencies:
    ms: "npm:2.1.2"
  peerDependenciesMeta:
    supports-color:
      optional: true
  checksum: 10/0073c3bcbd9cb7d71dd5f6b55be8701af42df3e56e911186dfa46fac3a5b9eb7ce7f377dd1d3be6db8977221f8eb333d945216f645cf56f6b688cd484837d255
  languageName: node
  linkType: hard

"enquirer@npm:2.3.6":
  version: 2.3.6
  resolution: "enquirer@npm:2.3.6"
  dependencies:
    ansi-colors: "npm:^4.1.1"
  checksum: 10/751d14f037eb7683997e696fb8d5fe2675e0b0cde91182c128cf598acf3f5bd9005f35f7c2a9109e291140af496ebec237b6dac86067d59a9b44f3688107f426
  languageName: node
  linkType: hard

"fs-extra@npm:10.1.0":
  version: 10.1.0
  resolution: "fs-extra@npm:10.1.0"
  dependencies:
    graceful-fs: "npm:^4.2.0"
    jsonfile: "npm:^6.0.1"
    universalify: "npm:^2.0.0"
  checksum: 10/05ce2c3b59049bcb7b52001acd000e44b3c4af4ec1f8839f383ef41ec0048e3cfa7fd8a637b1bddfefad319145db89be91f4b7c1db2908205d38bf91e7d1d3b7
  languageName: node
  linkType: hard

"fs-minipass@npm:^2.0.0":
  version: 2.1.0
  resolution: "fs-minipass@npm:2.1.0"
  dependencies:
    minipass: "npm:^3.0.0"
  checksum: 10/03191781e94bc9a54bd376d3146f90fe8e082627c502185dbf7b9b3032f66b0b142c1115f3b2cc5936575fc1b44845ce903dd4c21bec2a8d69f3bd56f9cee9ec
  languageName: node
  linkType: hard

"fs.realpath@npm:^1.0.0":
  version: 1.0.0
  resolution: "fs.realpath@npm:1.0.0"
  checksum: 10/e703107c28e362d8d7b910bbcbfd371e640a3bb45ae157a362b5952c0030c0b6d4981140ec319b347bce7adc025dd7813da1ff908a945ac214d64f5402a51b96
  languageName: node
  linkType: hard

"fuzzysearch@npm:1.0.3":
  version: 1.0.3
  resolution: "fuzzysearch@npm:1.0.3"
  checksum: 10/0d557e802e6160a566e4034362f4ffbc7af4277207a753001eefee0d98177d6979c93f5dd0727780a4eb4bc23298d3aee84352ce63ba8fb96c48fee4d2396d19
  languageName: node
  linkType: hard

"glob@npm:^7.1.3":
  version: 7.2.3
  resolution: "glob@npm:7.2.3"
  dependencies:
    fs.realpath: "npm:^1.0.0"
    inflight: "npm:^1.0.4"
    inherits: "npm:2"
    minimatch: "npm:^3.1.1"
    once: "npm:^1.3.0"
    path-is-absolute: "npm:^1.0.0"
  checksum: 10/59452a9202c81d4508a43b8af7082ca5c76452b9fcc4a9ab17655822e6ce9b21d4f8fbadabe4fe3faef448294cec249af305e2cd824b7e9aaf689240e5e96a7b
  languageName: node
  linkType: hard

"globalyzer@npm:0.1.0":
  version: 0.1.0
  resolution: "globalyzer@npm:0.1.0"
  checksum: 10/419a0f95ba542534fac0842964d31b3dc2936a479b2b1a8a62bad7e8b61054faa9b0a06ad9f2e12593396b9b2621cac93358d9b3071d33723fb1778608d358a1
  languageName: node
  linkType: hard

"globrex@npm:^0.1.2":
  version: 0.1.2
  resolution: "globrex@npm:0.1.2"
  checksum: 10/81ce62ee6f800d823d6b7da7687f841676d60ee8f51f934ddd862e4057316d26665c4edc0358d4340a923ac00a514f8b67c787e28fe693aae16350f4e60d55e9
  languageName: node
  linkType: hard

"graceful-fs@npm:^4.1.6, graceful-fs@npm:^4.2.0":
  version: 4.2.11
  resolution: "graceful-fs@npm:4.2.11"
  checksum: 10/bf152d0ed1dc159239db1ba1f74fdbc40cb02f626770dcd5815c427ce0688c2635a06ed69af364396da4636d0408fcf7d4afdf7881724c3307e46aff30ca49e2
  languageName: node
  linkType: hard

"https-proxy-agent@npm:5.0.0":
  version: 5.0.0
  resolution: "https-proxy-agent@npm:5.0.0"
  dependencies:
    agent-base: "npm:6"
    debug: "npm:4"
  checksum: 10/517037badcbbe30757a9a88aaf5e8c198d31aa0b1e9c0a49a0053ab8e812809242218cc9ea1929171f74d95ae1ec89782ba471ffc3709b8910e91d1761f5f1a6
  languageName: node
  linkType: hard

"inflight@npm:^1.0.4":
  version: 1.0.6
  resolution: "inflight@npm:1.0.6"
  dependencies:
    once: "npm:^1.3.0"
    wrappy: "npm:1"
  checksum: 10/d2ebd65441a38c8336c223d1b80b921b9fa737e37ea466fd7e253cb000c64ae1f17fa59e68130ef5bda92cfd8d36b83d37dab0eb0a4558bcfec8e8cdfd2dcb67
  languageName: node
  linkType: hard

"inherits@npm:2":
  version: 2.0.4
  resolution: "inherits@npm:2.0.4"
  checksum: 10/cd45e923bee15186c07fa4c89db0aace24824c482fb887b528304694b2aa6ff8a898da8657046a5dcf3e46cd6db6c61629551f9215f208d7c3f157cf9b290521
  languageName: node
  linkType: hard

"jsonfile@npm:^6.0.1":
  version: 6.1.0
  resolution: "jsonfile@npm:6.1.0"
  dependencies:
    graceful-fs: "npm:^4.1.6"
    universalify: "npm:^2.0.0"
  dependenciesMeta:
    graceful-fs:
      optional: true
  checksum: 10/03014769e7dc77d4cf05fa0b534907270b60890085dd5e4d60a382ff09328580651da0b8b4cdf44d91e4c8ae64d91791d965f05707beff000ed494a38b6fec85
  languageName: node
  linkType: hard

"minimatch@npm:^3.1.1":
  version: 3.1.2
  resolution: "minimatch@npm:3.1.2"
  dependencies:
    brace-expansion: "npm:^1.1.7"
  checksum: 10/e0b25b04cd4ec6732830344e5739b13f8690f8a012d73445a4a19fbc623f5dd481ef7a5827fde25954cd6026fede7574cc54dc4643c99d6c6b653d6203f94634
  languageName: node
  linkType: hard

"minipass@npm:^3.0.0":
  version: 3.3.6
  resolution: "minipass@npm:3.3.6"
  dependencies:
    yallist: "npm:^4.0.0"
  checksum: 10/a5c6ef069f70d9a524d3428af39f2b117ff8cd84172e19b754e7264a33df460873e6eb3d6e55758531580970de50ae950c496256bb4ad3691a2974cddff189f0
  languageName: node
  linkType: hard

"minipass@npm:^5.0.0":
  version: 5.0.0
  resolution: "minipass@npm:5.0.0"
  checksum: 10/61682162d29f45d3152b78b08bab7fb32ca10899bc5991ffe98afc18c9e9543bd1e3be94f8b8373ba6262497db63607079dc242ea62e43e7b2270837b7347c93
  languageName: node
  linkType: hard

"minizlib@npm:^2.1.1":
  version: 2.1.2
  resolution: "minizlib@npm:2.1.2"
  dependencies:
    minipass: "npm:^3.0.0"
    yallist: "npm:^4.0.0"
  checksum: 10/ae0f45436fb51344dcb87938446a32fbebb540d0e191d63b35e1c773d47512e17307bf54aa88326cc6d176594d00e4423563a091f7266c2f9a6872cdc1e234d1
  languageName: node
  linkType: hard

"mkdirp@npm:^1.0.3":
  version: 1.0.4
  resolution: "mkdirp@npm:1.0.4"
  bin:
    mkdirp: bin/cmd.js
  checksum: 10/d71b8dcd4b5af2fe13ecf3bd24070263489404fe216488c5ba7e38ece1f54daf219e72a833a3a2dc404331e870e9f44963a33399589490956bff003a3404d3b2
  languageName: node
  linkType: hard

"mri@npm:1.1.6":
  version: 1.1.6
  resolution: "mri@npm:1.1.6"
  checksum: 10/2cacdd99c5de65579b78207aeccf8f4847001799fb8a5bccd473296722e0d1fdffd2bf0dc7bef080d34ee91d6ac5d1044be6df345d3e7a8d11706c7633b3bea7
  languageName: node
  linkType: hard

"ms@npm:2.1.2":
  version: 2.1.2
  resolution: "ms@npm:2.1.2"
  checksum: 10/673cdb2c3133eb050c745908d8ce632ed2c02d85640e2edb3ace856a2266a813b30c613569bf3354fdf4ea7d1a1494add3bfa95e2713baa27d0c2c71fc44f58f
  languageName: node
  linkType: hard

"once@npm:^1.3.0":
  version: 1.4.0
  resolution: "once@npm:1.4.0"
  dependencies:
    wrappy: "npm:1"
  checksum: 10/cd0a88501333edd640d95f0d2700fbde6bff20b3d4d9bdc521bdd31af0656b5706570d6c6afe532045a20bb8dc0849f8332d6f2a416e0ba6d3d3b98806c7db68
  languageName: node
  linkType: hard

"path-is-absolute@npm:^1.0.0":
  version: 1.0.1
  resolution: "path-is-absolute@npm:1.0.1"
  checksum: 10/060840f92cf8effa293bcc1bea81281bd7d363731d214cbe5c227df207c34cd727430f70c6037b5159c8a870b9157cba65e775446b0ab06fd5ecc7e54615a3b8
  languageName: node
  linkType: hard

"rimraf@npm:3.0.2":
  version: 3.0.2
  resolution: "rimraf@npm:3.0.2"
  dependencies:
    glob: "npm:^7.1.3"
  bin:
    rimraf: bin.js
  checksum: 10/063ffaccaaaca2cfd0ef3beafb12d6a03dd7ff1260d752d62a6077b5dfff6ae81bea571f655bb6b589d366930ec1bdd285d40d560c0dae9b12f125e54eb743d5
  languageName: node
  linkType: hard

"sub-package@workspace:sub-package":
  version: 0.0.0-use.local
  resolution: "sub-package@workspace:sub-package"
  dependencies:
    tiged: "patch:tiged@npm%3A2.12.4#../.yarn/patches/tiged-npm-2.12.4-b64a6b9192.patch"
  languageName: unknown
  linkType: soft

"tar@npm:^6.1.11":
  version: 6.2.1
  resolution: "tar@npm:6.2.1"
  dependencies:
    chownr: "npm:^2.0.0"
    fs-minipass: "npm:^2.0.0"
    minipass: "npm:^5.0.0"
    minizlib: "npm:^2.1.1"
    mkdirp: "npm:^1.0.3"
    yallist: "npm:^4.0.0"
  checksum: 10/bfbfbb2861888077fc1130b84029cdc2721efb93d1d1fb80f22a7ac3a98ec6f8972f29e564103bbebf5e97be67ebc356d37fa48dbc4960600a1eb7230fbd1ea0
  languageName: node
  linkType: hard

"tiged@npm:2.12.4":
  version: 2.12.4
  resolution: "tiged@npm:2.12.4"
  dependencies:
    colorette: "npm:1.2.1"
    enquirer: "npm:2.3.6"
    fs-extra: "npm:10.1.0"
    fuzzysearch: "npm:1.0.3"
    https-proxy-agent: "npm:5.0.0"
    mri: "npm:1.1.6"
    rimraf: "npm:3.0.2"
    tar: "npm:^6.1.11"
    tiny-glob: "npm:0.2.8"
  bin:
    degit: bin.js
    tiged: bin.js
  checksum: 10/465746472e5af1acf9cac0b96f12b5c1f0ac13801716d20b15f4a624957717207412177bcc50b662a0f5d92745907333ec52c0574d0bca94fe363c55b6367fb4
  languageName: node
  linkType: hard

"tiged@patch:tiged@npm%3A2.12.4#../.yarn/patches/tiged-npm-2.12.4-b64a6b9192.patch::locator=sub-package%40workspace%3Asub-package":
  version: 2.12.4
  resolution: "tiged@patch:tiged@npm%3A2.12.4#../.yarn/patches/tiged-npm-2.12.4-b64a6b9192.patch::version=2.12.4&hash=4c01a7&locator=sub-package%40workspace%3Asub-package"
  dependencies:
    colorette: "npm:1.2.1"
    enquirer: "npm:2.3.6"
    fs-extra: "npm:10.1.0"
    fuzzysearch: "npm:1.0.3"
    https-proxy-agent: "npm:5.0.0"
    mri: "npm:1.1.6"
    rimraf: "npm:3.0.2"
    tar: "npm:^6.1.11"
    tiny-glob: "npm:0.2.8"
  bin:
    degit: bin.js
    tiged: bin.js
  checksum: 10/5a74fb5dd1b165c9abc2d55cae3f2c9f6dbc3d86343fd224291648adfa03eac1ddda2e653d449babd11bd2584a9fd1dd845f4a0e72c59bfa206e8e5ba360e3a4
  languageName: node
  linkType: hard

"tiny-glob@npm:0.2.8":
  version: 0.2.8
  resolution: "tiny-glob@npm:0.2.8"
  dependencies:
    globalyzer: "npm:0.1.0"
    globrex: "npm:^0.1.2"
  checksum: 10/38dc79cd8f64b26df0da36ff416a7347f5d5ea92c1d48a5cb60f5a16d0f65e3f75132db1bd83d90fda86792aee0e40e7747530cdec02eec97a306d24e65f4025
  languageName: node
  linkType: hard

"universalify@npm:^2.0.0":
  version: 2.0.0
  resolution: "universalify@npm:2.0.0"
  checksum: 10/2406a4edf4a8830aa6813278bab1f953a8e40f2f63a37873ffa9a3bc8f9745d06cc8e88f3572cb899b7e509013f7f6fcc3e37e8a6d914167a5381d8440518c44
  languageName: node
  linkType: hard

"wrappy@npm:1":
  version: 1.0.2
  resolution: "wrappy@npm:1.0.2"
  checksum: 10/159da4805f7e84a3d003d8841557196034155008f817172d4e986bd591f74aa82aa7db55929a54222309e01079a65a92a9e6414da5a6aa4b01ee44a511ac3ee5
  languageName: node
  linkType: hard

"yallist@npm:^4.0.0":
  version: 4.0.0
  resolution: "yallist@npm:4.0.0"
  checksum: 10/4cb02b42b8a93b5cf50caf5d8e9beb409400a8a4d85e83bb0685c1457e9ac0b7a00819e9f5991ac25ffabb56a78e2f017c1acc010b3a1babfe6de690ba531abd
  languageName: node
  linkType: hard

"~dev@workspace:.":
  version: 0.0.0-use.local
  resolution: "~dev@workspace:."
  languageName: unknown
  linkType: soft
